// !$*UTF8*$!
{
	archiveVersion = 1;
	classes = {
	};
	objectVersion = 55;
	objects = {

/* Begin PBXBuildFile section */
		04460E2A2B0BA49F00F323A2 /* AppDelegate.m in Sources */ = {isa = PBXBuildFile; fileRef = 04460E292B0BA49F00F323A2 /* AppDelegate.m */; };
		04460E302B0BA49F00F323A2 /* ViewController.m in Sources */ = {isa = PBXBuildFile; fileRef = 04460E2F2B0BA49F00F323A2 /* ViewController.m */; };
		04460E332B0BA49F00F323A2 /* Main.storyboard in Resources */ = {isa = PBXBuildFile; fileRef = 04460E312B0BA49F00F323A2 /* Main.storyboard */; };
		04460E352B0BA4A200F323A2 /* Assets.xcassets in Resources */ = {isa = PBXBuildFile; fileRef = 04460E342B0BA4A200F323A2 /* Assets.xcassets */; };
		04460E382B0BA4A200F323A2 /* LaunchScreen.storyboard in Resources */ = {isa = PBXBuildFile; fileRef = 04460E362B0BA4A200F323A2 /* LaunchScreen.storyboard */; };
		04460E3B2B0BA4A200F323A2 /* main.m in Sources */ = {isa = PBXBuildFile; fileRef = 04460E3A2B0BA4A200F323A2 /* main.m */; };
		04460E452B0BA4A200F323A2 /* OC_RxSwiftHelloWorldTests.m in Sources */ = {isa = PBXBuildFile; fileRef = 04460E442B0BA4A200F323A2 /* OC_RxSwiftHelloWorldTests.m */; };
		04460E4F2B0BA4A200F323A2 /* OC_RxSwiftHelloWorldUITests.m in Sources */ = {isa = PBXBuildFile; fileRef = 04460E4E2B0BA4A200F323A2 /* OC_RxSwiftHelloWorldUITests.m */; };
		04460E512B0BA4A200F323A2 /* OC_RxSwiftHelloWorldUITestsLaunchTests.m in Sources */ = {isa = PBXBuildFile; fileRef = 04460E502B0BA4A200F323A2 /* OC_RxSwiftHelloWorldUITestsLaunchTests.m */; };
		04460E5F2B0BABD700F323A2 /* RxViewController.swift in Sources */ = {isa = PBXBuildFile; fileRef = 04460E5E2B0BABD700F323A2 /* RxViewController.swift */; };
		04460E682B0BADA900F323A2 /* HBSetViewModel.swift in Sources */ = {isa = PBXBuildFile; fileRef = 04460E602B0BADA800F323A2 /* HBSetViewModel.swift */; };
		04460E692B0BADA900F323A2 /* TableViewController.swift in Sources */ = {isa = PBXBuildFile; fileRef = 04460E622B0BADA800F323A2 /* TableViewController.swift */; };
		04460E6A2B0BADA900F323A2 /* HBSetViewController.swift in Sources */ = {isa = PBXBuildFile; fileRef = 04460E632B0BADA800F323A2 /* HBSetViewController.swift */; };
		04460E6B2B0BADA900F323A2 /* HBSetCellModel.swift in Sources */ = {isa = PBXBuildFile; fileRef = 04460E642B0BADA900F323A2 /* HBSetCellModel.swift */; };
		04460E6C2B0BADA900F323A2 /* HBSetCell.swift in Sources */ = {isa = PBXBuildFile; fileRef = 04460E652B0BADA900F323A2 /* HBSetCell.swift */; };
		04460E6D2B0BADA900F323A2 /* RxTableViewControllerExample.swift in Sources */ = {isa = PBXBuildFile; fileRef = 04460E662B0BADA900F323A2 /* RxTableViewControllerExample.swift */; };
		04460E6E2B0BADA900F323A2 /* UIColor+Extend.m in Sources */ = {isa = PBXBuildFile; fileRef = 04460E672B0BADA900F323A2 /* UIColor+Extend.m */; };
		04460E7D2B0BAE0B00F323A2 /* ReachabilityService.swift in Sources */ = {isa = PBXBuildFile; fileRef = 04460E712B0BAE0B00F323A2 /* ReachabilityService.swift */; };
		04460E7E2B0BAE0B00F323A2 /* PseudoRandomGenerator.swift in Sources */ = {isa = PBXBuildFile; fileRef = 04460E722B0BAE0B00F323A2 /* PseudoRandomGenerator.swift */; };
		04460E7F2B0BAE0B00F323A2 /* Wireframe.swift in Sources */ = {isa = PBXBuildFile; fileRef = 04460E732B0BAE0B00F323A2 /* Wireframe.swift */; };
		04460E812B0BAE0B00F323A2 /* HtmlParsing.swift in Sources */ = {isa = PBXBuildFile; fileRef = 04460E752B0BAE0B00F323A2 /* HtmlParsing.swift */; };
		04460E842B0BAE0B00F323A2 /* ActivityIndicator.swift in Sources */ = {isa = PBXBuildFile; fileRef = 04460E782B0BAE0B00F323A2 /* ActivityIndicator.swift */; };
		04460E852B0BAE0B00F323A2 /* Reachability.swift in Sources */ = {isa = PBXBuildFile; fileRef = 04460E792B0BAE0B00F323A2 /* Reachability.swift */; };
		9430B738BD9F66A02218063A /* Pods_OC_RxSwiftHelloWorld.framework in Frameworks */ = {isa = PBXBuildFile; fileRef = 1237B4E3C438CF0893887EC4 /* Pods_OC_RxSwiftHelloWorld.framework */; };
		B0625028A54580F0813EF828 /* Pods_OC_RxSwiftHelloWorld_OC_RxSwiftHelloWorldUITests.framework in Frameworks */ = {isa = PBXBuildFile; fileRef = 2B1847DC1CEFF2ED8AA72351 /* Pods_OC_RxSwiftHelloWorld_OC_RxSwiftHelloWorldUITests.framework */; };
		B169049371B81912070FEE14 /* Pods_OC_RxSwiftHelloWorldTests.framework in Frameworks */ = {isa = PBXBuildFile; fileRef = 84D6749BB8C5E0CF665F6A6C /* Pods_OC_RxSwiftHelloWorldTests.framework */; };
/* End PBXBuildFile section */

/* Begin PBXContainerItemProxy section */
		04460E412B0BA4A200F323A2 /* PBXContainerItemProxy */ = {
			isa = PBXContainerItemProxy;
			containerPortal = 04460E1D2B0BA49F00F323A2 /* Project object */;
			proxyType = 1;
			remoteGlobalIDString = 04460E242B0BA49F00F323A2;
			remoteInfo = OC_RxSwiftHelloWorld;
		};
		04460E4B2B0BA4A200F323A2 /* PBXContainerItemProxy */ = {
			isa = PBXContainerItemProxy;
			containerPortal = 04460E1D2B0BA49F00F323A2 /* Project object */;
			proxyType = 1;
			remoteGlobalIDString = 04460E242B0BA49F00F323A2;
			remoteInfo = OC_RxSwiftHelloWorld;
		};
/* End PBXContainerItemProxy section */

/* Begin PBXFileReference section */
		04460E252B0BA49F00F323A2 /* OC_RxSwiftHelloWorld.app */ = {isa = PBXFileReference; explicitFileType = wrapper.application; includeInIndex = 0; path = OC_RxSwiftHelloWorld.app; sourceTree = BUILT_PRODUCTS_DIR; };
		04460E282B0BA49F00F323A2 /* AppDelegate.h */ = {isa = PBXFileReference; lastKnownFileType = sourcecode.c.h; path = AppDelegate.h; sourceTree = "<group>"; };
		04460E292B0BA49F00F323A2 /* AppDelegate.m */ = {isa = PBXFileReference; lastKnownFileType = sourcecode.c.objc; path = AppDelegate.m; sourceTree = "<group>"; };
		04460E2E2B0BA49F00F323A2 /* ViewController.h */ = {isa = PBXFileReference; lastKnownFileType = sourcecode.c.h; path = ViewController.h; sourceTree = "<group>"; };
		04460E2F2B0BA49F00F323A2 /* ViewController.m */ = {isa = PBXFileReference; lastKnownFileType = sourcecode.c.objc; path = ViewController.m; sourceTree = "<group>"; };
		04460E322B0BA49F00F323A2 /* Base */ = {isa = PBXFileReference; lastKnownFileType = file.storyboard; name = Base; path = Base.lproj/Main.storyboard; sourceTree = "<group>"; };
		04460E342B0BA4A200F323A2 /* Assets.xcassets */ = {isa = PBXFileReference; lastKnownFileType = folder.assetcatalog; path = Assets.xcassets; sourceTree = "<group>"; };
		04460E372B0BA4A200F323A2 /* Base */ = {isa = PBXFileReference; lastKnownFileType = file.storyboard; name = Base; path = Base.lproj/LaunchScreen.storyboard; sourceTree = "<group>"; };
		04460E392B0BA4A200F323A2 /* Info.plist */ = {isa = PBXFileReference; lastKnownFileType = text.plist.xml; path = Info.plist; sourceTree = "<group>"; };
		04460E3A2B0BA4A200F323A2 /* main.m */ = {isa = PBXFileReference; lastKnownFileType = sourcecode.c.objc; path = main.m; sourceTree = "<group>"; };
		04460E402B0BA4A200F323A2 /* OC_RxSwiftHelloWorldTests.xctest */ = {isa = PBXFileReference; explicitFileType = wrapper.cfbundle; includeInIndex = 0; path = OC_RxSwiftHelloWorldTests.xctest; sourceTree = BUILT_PRODUCTS_DIR; };
		04460E442B0BA4A200F323A2 /* OC_RxSwiftHelloWorldTests.m */ = {isa = PBXFileReference; lastKnownFileType = sourcecode.c.objc; path = OC_RxSwiftHelloWorldTests.m; sourceTree = "<group>"; };
		04460E4A2B0BA4A200F323A2 /* OC_RxSwiftHelloWorldUITests.xctest */ = {isa = PBXFileReference; explicitFileType = wrapper.cfbundle; includeInIndex = 0; path = OC_RxSwiftHelloWorldUITests.xctest; sourceTree = BUILT_PRODUCTS_DIR; };
		04460E4E2B0BA4A200F323A2 /* OC_RxSwiftHelloWorldUITests.m */ = {isa = PBXFileReference; lastKnownFileType = sourcecode.c.objc; path = OC_RxSwiftHelloWorldUITests.m; sourceTree = "<group>"; };
		04460E502B0BA4A200F323A2 /* OC_RxSwiftHelloWorldUITestsLaunchTests.m */ = {isa = PBXFileReference; lastKnownFileType = sourcecode.c.objc; path = OC_RxSwiftHelloWorldUITestsLaunchTests.m; sourceTree = "<group>"; };
		04460E5D2B0BABD600F323A2 /* OC_RxSwiftHelloWorld-Bridging-Header.h */ = {isa = PBXFileReference; lastKnownFileType = sourcecode.c.h; path = "OC_RxSwiftHelloWorld-Bridging-Header.h"; sourceTree = "<group>"; };
		04460E5E2B0BABD700F323A2 /* RxViewController.swift */ = {isa = PBXFileReference; fileEncoding = 4; lastKnownFileType = sourcecode.swift; path = RxViewController.swift; sourceTree = "<group>"; };
		04460E602B0BADA800F323A2 /* HBSetViewModel.swift */ = {isa = PBXFileReference; fileEncoding = 4; lastKnownFileType = sourcecode.swift; path = HBSetViewModel.swift; sourceTree = "<group>"; };
		04460E612B0BADA800F323A2 /* UIColor+Extend.h */ = {isa = PBXFileReference; fileEncoding = 4; lastKnownFileType = sourcecode.c.h; path = "UIColor+Extend.h"; sourceTree = "<group>"; };
		04460E622B0BADA800F323A2 /* TableViewController.swift */ = {isa = PBXFileReference; fileEncoding = 4; lastKnownFileType = sourcecode.swift; path = TableViewController.swift; sourceTree = "<group>"; };
		04460E632B0BADA800F323A2 /* HBSetViewController.swift */ = {isa = PBXFileReference; fileEncoding = 4; lastKnownFileType = sourcecode.swift; path = HBSetViewController.swift; sourceTree = "<group>"; };
		04460E642B0BADA900F323A2 /* HBSetCellModel.swift */ = {isa = PBXFileReference; fileEncoding = 4; lastKnownFileType = sourcecode.swift; path = HBSetCellModel.swift; sourceTree = "<group>"; };
		04460E652B0BADA900F323A2 /* HBSetCell.swift */ = {isa = PBXFileReference; fileEncoding = 4; lastKnownFileType = sourcecode.swift; path = HBSetCell.swift; sourceTree = "<group>"; };
		04460E662B0BADA900F323A2 /* RxTableViewControllerExample.swift */ = {isa = PBXFileReference; fileEncoding = 4; lastKnownFileType = sourcecode.swift; path = RxTableViewControllerExample.swift; sourceTree = "<group>"; };
		04460E672B0BADA900F323A2 /* UIColor+Extend.m */ = {isa = PBXFileReference; fileEncoding = 4; lastKnownFileType = sourcecode.c.objc; path = "UIColor+Extend.m"; sourceTree = "<group>"; };
		04460E712B0BAE0B00F323A2 /* ReachabilityService.swift */ = {isa = PBXFileReference; fileEncoding = 4; lastKnownFileType = sourcecode.swift; path = ReachabilityService.swift; sourceTree = "<group>"; };
		04460E722B0BAE0B00F323A2 /* PseudoRandomGenerator.swift */ = {isa = PBXFileReference; fileEncoding = 4; lastKnownFileType = sourcecode.swift; path = PseudoRandomGenerator.swift; sourceTree = "<group>"; };
		04460E732B0BAE0B00F323A2 /* Wireframe.swift */ = {isa = PBXFileReference; fileEncoding = 4; lastKnownFileType = sourcecode.swift; path = Wireframe.swift; sourceTree = "<group>"; };
		04460E752B0BAE0B00F323A2 /* HtmlParsing.swift */ = {isa = PBXFileReference; fileEncoding = 4; lastKnownFileType = sourcecode.swift; path = HtmlParsing.swift; sourceTree = "<group>"; };
		04460E782B0BAE0B00F323A2 /* ActivityIndicator.swift */ = {isa = PBXFileReference; fileEncoding = 4; lastKnownFileType = sourcecode.swift; path = ActivityIndicator.swift; sourceTree = "<group>"; };
		04460E792B0BAE0B00F323A2 /* Reachability.swift */ = {isa = PBXFileReference; fileEncoding = 4; lastKnownFileType = sourcecode.swift; path = Reachability.swift; sourceTree = "<group>"; };
		1237B4E3C438CF0893887EC4 /* Pods_OC_RxSwiftHelloWorld.framework */ = {isa = PBXFileReference; explicitFileType = wrapper.framework; includeInIndex = 0; path = Pods_OC_RxSwiftHelloWorld.framework; sourceTree = BUILT_PRODUCTS_DIR; };
		22BDFF2FA0494007A1D58100 /* Pods-OC_RxSwiftHelloWorld.release.xcconfig */ = {isa = PBXFileReference; includeInIndex = 1; lastKnownFileType = text.xcconfig; name = "Pods-OC_RxSwiftHelloWorld.release.xcconfig"; path = "Target Support Files/Pods-OC_RxSwiftHelloWorld/Pods-OC_RxSwiftHelloWorld.release.xcconfig"; sourceTree = "<group>"; };
		2B1847DC1CEFF2ED8AA72351 /* Pods_OC_RxSwiftHelloWorld_OC_RxSwiftHelloWorldUITests.framework */ = {isa = PBXFileReference; explicitFileType = wrapper.framework; includeInIndex = 0; path = Pods_OC_RxSwiftHelloWorld_OC_RxSwiftHelloWorldUITests.framework; sourceTree = BUILT_PRODUCTS_DIR; };
		84D6749BB8C5E0CF665F6A6C /* Pods_OC_RxSwiftHelloWorldTests.framework */ = {isa = PBXFileReference; explicitFileType = wrapper.framework; includeInIndex = 0; path = Pods_OC_RxSwiftHelloWorldTests.framework; sourceTree = BUILT_PRODUCTS_DIR; };
		90ACE30DB06F903438C6BE30 /* Pods-OC_RxSwiftHelloWorldTests.debug.xcconfig */ = {isa = PBXFileReference; includeInIndex = 1; lastKnownFileType = text.xcconfig; name = "Pods-OC_RxSwiftHelloWorldTests.debug.xcconfig"; path = "Target Support Files/Pods-OC_RxSwiftHelloWorldTests/Pods-OC_RxSwiftHelloWorldTests.debug.xcconfig"; sourceTree = "<group>"; };
		AEF93420DC6EE393D9BA7CB9 /* Pods-OC_RxSwiftHelloWorld-OC_RxSwiftHelloWorldUITests.debug.xcconfig */ = {isa = PBXFileReference; includeInIndex = 1; lastKnownFileType = text.xcconfig; name = "Pods-OC_RxSwiftHelloWorld-OC_RxSwiftHelloWorldUITests.debug.xcconfig"; path = "Target Support Files/Pods-OC_RxSwiftHelloWorld-OC_RxSwiftHelloWorldUITests/Pods-OC_RxSwiftHelloWorld-OC_RxSwiftHelloWorldUITests.debug.xcconfig"; sourceTree = "<group>"; };
		B9439C6764E2FA2F9A5DDFAD /* Pods-OC_RxSwiftHelloWorld-OC_RxSwiftHelloWorldUITests.release.xcconfig */ = {isa = PBXFileReference; includeInIndex = 1; lastKnownFileType = text.xcconfig; name = "Pods-OC_RxSwiftHelloWorld-OC_RxSwiftHelloWorldUITests.release.xcconfig"; path = "Target Support Files/Pods-OC_RxSwiftHelloWorld-OC_RxSwiftHelloWorldUITests/Pods-OC_RxSwiftHelloWorld-OC_RxSwiftHelloWorldUITests.release.xcconfig"; sourceTree = "<group>"; };
		D2056F4ED124EECBB2E9821C /* Pods-OC_RxSwiftHelloWorldTests.release.xcconfig */ = {isa = PBXFileReference; includeInIndex = 1; lastKnownFileType = text.xcconfig; name = "Pods-OC_RxSwiftHelloWorldTests.release.xcconfig"; path = "Target Support Files/Pods-OC_RxSwiftHelloWorldTests/Pods-OC_RxSwiftHelloWorldTests.release.xcconfig"; sourceTree = "<group>"; };
		FEBF057A7C2CAFDB78D30410 /* Pods-OC_RxSwiftHelloWorld.debug.xcconfig */ = {isa = PBXFileReference; includeInIndex = 1; lastKnownFileType = text.xcconfig; name = "Pods-OC_RxSwiftHelloWorld.debug.xcconfig"; path = "Target Support Files/Pods-OC_RxSwiftHelloWorld/Pods-OC_RxSwiftHelloWorld.debug.xcconfig"; sourceTree = "<group>"; };
/* End PBXFileReference section */

/* Begin PBXFrameworksBuildPhase section */
		04460E222B0BA49F00F323A2 /* Frameworks */ = {
			isa = PBXFrameworksBuildPhase;
			buildActionMask = 2147483647;
			files = (
				9430B738BD9F66A02218063A /* Pods_OC_RxSwiftHelloWorld.framework in Frameworks */,
			);
			runOnlyForDeploymentPostprocessing = 0;
		};
		04460E3D2B0BA4A200F323A2 /* Frameworks */ = {
			isa = PBXFrameworksBuildPhase;
			buildActionMask = 2147483647;
			files = (
				B169049371B81912070FEE14 /* Pods_OC_RxSwiftHelloWorldTests.framework in Frameworks */,
			);
			runOnlyForDeploymentPostprocessing = 0;
		};
		04460E472B0BA4A200F323A2 /* Frameworks */ = {
			isa = PBXFrameworksBuildPhase;
			buildActionMask = 2147483647;
			files = (
				B0625028A54580F0813EF828 /* Pods_OC_RxSwiftHelloWorld_OC_RxSwiftHelloWorldUITests.framework in Frameworks */,
			);
			runOnlyForDeploymentPostprocessing = 0;
		};
/* End PBXFrameworksBuildPhase section */

/* Begin PBXGroup section */
		04460E1C2B0BA49F00F323A2 = {
			isa = PBXGroup;
			children = (
				04460E272B0BA49F00F323A2 /* OC_RxSwiftHelloWorld */,
				04460E432B0BA4A200F323A2 /* OC_RxSwiftHelloWorldTests */,
				04460E4D2B0BA4A200F323A2 /* OC_RxSwiftHelloWorldUITests */,
				04460E262B0BA49F00F323A2 /* Products */,
				C6A806AA408C184A8197BADF /* Pods */,
				4F2B8FD9B087E7A77070EDAD /* Frameworks */,
			);
			sourceTree = "<group>";
		};
		04460E262B0BA49F00F323A2 /* Products */ = {
			isa = PBXGroup;
			children = (
				04460E252B0BA49F00F323A2 /* OC_RxSwiftHelloWorld.app */,
				04460E402B0BA4A200F323A2 /* OC_RxSwiftHelloWorldTests.xctest */,
				04460E4A2B0BA4A200F323A2 /* OC_RxSwiftHelloWorldUITests.xctest */,
			);
			name = Products;
			sourceTree = "<group>";
		};
		04460E272B0BA49F00F323A2 /* OC_RxSwiftHelloWorld */ = {
			isa = PBXGroup;
			children = (
				04460E282B0BA49F00F323A2 /* AppDelegate.h */,
				04460E292B0BA49F00F323A2 /* AppDelegate.m */,
				04460E2E2B0BA49F00F323A2 /* ViewController.h */,
				04460E2F2B0BA49F00F323A2 /* ViewController.m */,
				04460E5E2B0BABD700F323A2 /* RxViewController.swift */,
				04460E652B0BADA900F323A2 /* HBSetCell.swift */,
				04460E642B0BADA900F323A2 /* HBSetCellModel.swift */,
				04460E632B0BADA800F323A2 /* HBSetViewController.swift */,
				04460E602B0BADA800F323A2 /* HBSetViewModel.swift */,
				04460E662B0BADA900F323A2 /* RxTableViewControllerExample.swift */,
				04460E622B0BADA800F323A2 /* TableViewController.swift */,
				04460E612B0BADA800F323A2 /* UIColor+Extend.h */,
				04460E672B0BADA900F323A2 /* UIColor+Extend.m */,
				04460E6F2B0BAE0B00F323A2 /* Services */,
				04460E312B0BA49F00F323A2 /* Main.storyboard */,
				04460E342B0BA4A200F323A2 /* Assets.xcassets */,
				04460E362B0BA4A200F323A2 /* LaunchScreen.storyboard */,
				04460E392B0BA4A200F323A2 /* Info.plist */,
				04460E3A2B0BA4A200F323A2 /* main.m */,
				04460E5D2B0BABD600F323A2 /* OC_RxSwiftHelloWorld-Bridging-Header.h */,
			);
			path = OC_RxSwiftHelloWorld;
			sourceTree = "<group>";
		};
		04460E432B0BA4A200F323A2 /* OC_RxSwiftHelloWorldTests */ = {
			isa = PBXGroup;
			children = (
				04460E442B0BA4A200F323A2 /* OC_RxSwiftHelloWorldTests.m */,
			);
			path = OC_RxSwiftHelloWorldTests;
			sourceTree = "<group>";
		};
		04460E4D2B0BA4A200F323A2 /* OC_RxSwiftHelloWorldUITests */ = {
			isa = PBXGroup;
			children = (
				04460E4E2B0BA4A200F323A2 /* OC_RxSwiftHelloWorldUITests.m */,
				04460E502B0BA4A200F323A2 /* OC_RxSwiftHelloWorldUITestsLaunchTests.m */,
			);
			path = OC_RxSwiftHelloWorldUITests;
			sourceTree = "<group>";
		};
		04460E6F2B0BAE0B00F323A2 /* Services */ = {
			isa = PBXGroup;
			children = (
				04460E712B0BAE0B00F323A2 /* ReachabilityService.swift */,
				04460E722B0BAE0B00F323A2 /* PseudoRandomGenerator.swift */,
				04460E732B0BAE0B00F323A2 /* Wireframe.swift */,
				04460E752B0BAE0B00F323A2 /* HtmlParsing.swift */,
				04460E782B0BAE0B00F323A2 /* ActivityIndicator.swift */,
				04460E792B0BAE0B00F323A2 /* Reachability.swift */,
			);
			path = Services;
			sourceTree = "<group>";
		};
		4F2B8FD9B087E7A77070EDAD /* Frameworks */ = {
			isa = PBXGroup;
			children = (
				1237B4E3C438CF0893887EC4 /* Pods_OC_RxSwiftHelloWorld.framework */,
				2B1847DC1CEFF2ED8AA72351 /* Pods_OC_RxSwiftHelloWorld_OC_RxSwiftHelloWorldUITests.framework */,
				84D6749BB8C5E0CF665F6A6C /* Pods_OC_RxSwiftHelloWorldTests.framework */,
			);
			name = Frameworks;
			sourceTree = "<group>";
		};
		C6A806AA408C184A8197BADF /* Pods */ = {
			isa = PBXGroup;
			children = (
				FEBF057A7C2CAFDB78D30410 /* Pods-OC_RxSwiftHelloWorld.debug.xcconfig */,
				22BDFF2FA0494007A1D58100 /* Pods-OC_RxSwiftHelloWorld.release.xcconfig */,
				AEF93420DC6EE393D9BA7CB9 /* Pods-OC_RxSwiftHelloWorld-OC_RxSwiftHelloWorldUITests.debug.xcconfig */,
				B9439C6764E2FA2F9A5DDFAD /* Pods-OC_RxSwiftHelloWorld-OC_RxSwiftHelloWorldUITests.release.xcconfig */,
				90ACE30DB06F903438C6BE30 /* Pods-OC_RxSwiftHelloWorldTests.debug.xcconfig */,
				D2056F4ED124EECBB2E9821C /* Pods-OC_RxSwiftHelloWorldTests.release.xcconfig */,
			);
			path = Pods;
			sourceTree = "<group>";
		};
/* End PBXGroup section */

/* Begin PBXNativeTarget section */
		04460E242B0BA49F00F323A2 /* OC_RxSwiftHelloWorld */ = {
			isa = PBXNativeTarget;
			buildConfigurationList = 04460E542B0BA4A200F323A2 /* Build configuration list for PBXNativeTarget "OC_RxSwiftHelloWorld" */;
			buildPhases = (
				17352B2731085084094CC439 /* [CP] Check Pods Manifest.lock */,
				04460E212B0BA49F00F323A2 /* Sources */,
				04460E222B0BA49F00F323A2 /* Frameworks */,
				04460E232B0BA49F00F323A2 /* Resources */,
			);
			buildRules = (
			);
			dependencies = (
			);
			name = OC_RxSwiftHelloWorld;
			productName = OC_RxSwiftHelloWorld;
			productReference = 04460E252B0BA49F00F323A2 /* OC_RxSwiftHelloWorld.app */;
			productType = "com.apple.product-type.application";
		};
		04460E3F2B0BA4A200F323A2 /* OC_RxSwiftHelloWorldTests */ = {
			isa = PBXNativeTarget;
			buildConfigurationList = 04460E572B0BA4A200F323A2 /* Build configuration list for PBXNativeTarget "OC_RxSwiftHelloWorldTests" */;
			buildPhases = (
				613BE0AA9895B14E8755976C /* [CP] Check Pods Manifest.lock */,
				04460E3C2B0BA4A200F323A2 /* Sources */,
				04460E3D2B0BA4A200F323A2 /* Frameworks */,
				04460E3E2B0BA4A200F323A2 /* Resources */,
			);
			buildRules = (
			);
			dependencies = (
				04460E422B0BA4A200F323A2 /* PBXTargetDependency */,
			);
			name = OC_RxSwiftHelloWorldTests;
			productName = OC_RxSwiftHelloWorldTests;
			productReference = 04460E402B0BA4A200F323A2 /* OC_RxSwiftHelloWorldTests.xctest */;
			productType = "com.apple.product-type.bundle.unit-test";
		};
		04460E492B0BA4A200F323A2 /* OC_RxSwiftHelloWorldUITests */ = {
			isa = PBXNativeTarget;
			buildConfigurationList = 04460E5A2B0BA4A200F323A2 /* Build configuration list for PBXNativeTarget "OC_RxSwiftHelloWorldUITests" */;
			buildPhases = (
				56BC77712C84FED4FE35AC72 /* [CP] Check Pods Manifest.lock */,
				04460E462B0BA4A200F323A2 /* Sources */,
				04460E472B0BA4A200F323A2 /* Frameworks */,
				04460E482B0BA4A200F323A2 /* Resources */,
			);
			buildRules = (
			);
			dependencies = (
				04460E4C2B0BA4A200F323A2 /* PBXTargetDependency */,
			);
			name = OC_RxSwiftHelloWorldUITests;
			productName = OC_RxSwiftHelloWorldUITests;
			productReference = 04460E4A2B0BA4A200F323A2 /* OC_RxSwiftHelloWorldUITests.xctest */;
			productType = "com.apple.product-type.bundle.ui-testing";
		};
/* End PBXNativeTarget section */

/* Begin PBXProject section */
		04460E1D2B0BA49F00F323A2 /* Project object */ = {
			isa = PBXProject;
			attributes = {
				BuildIndependentTargetsInParallel = 1;
				LastUpgradeCheck = 1340;
				TargetAttributes = {
					04460E242B0BA49F00F323A2 = {
						CreatedOnToolsVersion = 13.4.1;
						LastSwiftMigration = 1340;
					};
					04460E3F2B0BA4A200F323A2 = {
						CreatedOnToolsVersion = 13.4.1;
						TestTargetID = 04460E242B0BA49F00F323A2;
					};
					04460E492B0BA4A200F323A2 = {
						CreatedOnToolsVersion = 13.4.1;
						TestTargetID = 04460E242B0BA49F00F323A2;
					};
				};
			};
			buildConfigurationList = 04460E202B0BA49F00F323A2 /* Build configuration list for PBXProject "OC_RxSwiftHelloWorld" */;
			compatibilityVersion = "Xcode 13.0";
			developmentRegion = en;
			hasScannedForEncodings = 0;
			knownRegions = (
				en,
				Base,
			);
			mainGroup = 04460E1C2B0BA49F00F323A2;
			productRefGroup = 04460E262B0BA49F00F323A2 /* Products */;
			projectDirPath = "";
			projectRoot = "";
			targets = (
				04460E242B0BA49F00F323A2 /* OC_RxSwiftHelloWorld */,
				04460E3F2B0BA4A200F323A2 /* OC_RxSwiftHelloWorldTests */,
				04460E492B0BA4A200F323A2 /* OC_RxSwiftHelloWorldUITests */,
			);
		};
/* End PBXProject section */

/* Begin PBXResourcesBuildPhase section */
		04460E232B0BA49F00F323A2 /* Resources */ = {
			isa = PBXResourcesBuildPhase;
			buildActionMask = 2147483647;
			files = (
				04460E382B0BA4A200F323A2 /* LaunchScreen.storyboard in Resources */,
				04460E352B0BA4A200F323A2 /* Assets.xcassets in Resources */,
				04460E332B0BA49F00F323A2 /* Main.storyboard in Resources */,
			);
			runOnlyForDeploymentPostprocessing = 0;
		};
		04460E3E2B0BA4A200F323A2 /* Resources */ = {
			isa = PBXResourcesBuildPhase;
			buildActionMask = 2147483647;
			files = (
			);
			runOnlyForDeploymentPostprocessing = 0;
		};
		04460E482B0BA4A200F323A2 /* Resources */ = {
			isa = PBXResourcesBuildPhase;
			buildActionMask = 2147483647;
			files = (
			);
			runOnlyForDeploymentPostprocessing = 0;
		};
/* End PBXResourcesBuildPhase section */

/* Begin PBXShellScriptBuildPhase section */
		17352B2731085084094CC439 /* [CP] Check Pods Manifest.lock */ = {
			isa = PBXShellScriptBuildPhase;
			buildActionMask = 2147483647;
			files = (
			);
			inputFileListPaths = (
			);
			inputPaths = (
				"${PODS_PODFILE_DIR_PATH}/Podfile.lock",
				"${PODS_ROOT}/Manifest.lock",
			);
			name = "[CP] Check Pods Manifest.lock";
			outputFileListPaths = (
			);
			outputPaths = (
				"$(DERIVED_FILE_DIR)/Pods-OC_RxSwiftHelloWorld-checkManifestLockResult.txt",
			);
			runOnlyForDeploymentPostprocessing = 0;
			shellPath = /bin/sh;
			shellScript = "diff \"${PODS_PODFILE_DIR_PATH}/Podfile.lock\" \"${PODS_ROOT}/Manifest.lock\" > /dev/null\nif [ $? != 0 ] ; then\n    # print error to STDERR\n    echo \"error: The sandbox is not in sync with the Podfile.lock. Run 'pod install' or update your CocoaPods installation.\" >&2\n    exit 1\nfi\n# This output is used by Xcode 'outputs' to avoid re-running this script phase.\necho \"SUCCESS\" > \"${SCRIPT_OUTPUT_FILE_0}\"\n";
			showEnvVarsInLog = 0;
		};
		56BC77712C84FED4FE35AC72 /* [CP] Check Pods Manifest.lock */ = {
			isa = PBXShellScriptBuildPhase;
			buildActionMask = 2147483647;
			files = (
			);
			inputFileListPaths = (
			);
			inputPaths = (
				"${PODS_PODFILE_DIR_PATH}/Podfile.lock",
				"${PODS_ROOT}/Manifest.lock",
			);
			name = "[CP] Check Pods Manifest.lock";
			outputFileListPaths = (
			);
			outputPaths = (
				"$(DERIVED_FILE_DIR)/Pods-OC_RxSwiftHelloWorld-OC_RxSwiftHelloWorldUITests-checkManifestLockResult.txt",
			);
			runOnlyForDeploymentPostprocessing = 0;
			shellPath = /bin/sh;
			shellScript = "diff \"${PODS_PODFILE_DIR_PATH}/Podfile.lock\" \"${PODS_ROOT}/Manifest.lock\" > /dev/null\nif [ $? != 0 ] ; then\n    # print error to STDERR\n    echo \"error: The sandbox is not in sync with the Podfile.lock. Run 'pod install' or update your CocoaPods installation.\" >&2\n    exit 1\nfi\n# This output is used by Xcode 'outputs' to avoid re-running this script phase.\necho \"SUCCESS\" > \"${SCRIPT_OUTPUT_FILE_0}\"\n";
			showEnvVarsInLog = 0;
		};
		613BE0AA9895B14E8755976C /* [CP] Check Pods Manifest.lock */ = {
			isa = PBXShellScriptBuildPhase;
			buildActionMask = 2147483647;
			files = (
			);
			inputFileListPaths = (
			);
			inputPaths = (
				"${PODS_PODFILE_DIR_PATH}/Podfile.lock",
				"${PODS_ROOT}/Manifest.lock",
			);
			name = "[CP] Check Pods Manifest.lock";
			outputFileListPaths = (
			);
			outputPaths = (
				"$(DERIVED_FILE_DIR)/Pods-OC_RxSwiftHelloWorldTests-checkManifestLockResult.txt",
			);
			runOnlyForDeploymentPostprocessing = 0;
			shellPath = /bin/sh;
			shellScript = "diff \"${PODS_PODFILE_DIR_PATH}/Podfile.lock\" \"${PODS_ROOT}/Manifest.lock\" > /dev/null\nif [ $? != 0 ] ; then\n    # print error to STDERR\n    echo \"error: The sandbox is not in sync with the Podfile.lock. Run 'pod install' or update your CocoaPods installation.\" >&2\n    exit 1\nfi\n# This output is used by Xcode 'outputs' to avoid re-running this script phase.\necho \"SUCCESS\" > \"${SCRIPT_OUTPUT_FILE_0}\"\n";
			showEnvVarsInLog = 0;
		};
/* End PBXShellScriptBuildPhase section */

/* Begin PBXSourcesBuildPhase section */
		04460E212B0BA49F00F323A2 /* Sources */ = {
			isa = PBXSourcesBuildPhase;
			buildActionMask = 2147483647;
			files = (
				04460E6A2B0BADA900F323A2 /* HBSetViewController.swift in Sources */,
				04460E302B0BA49F00F323A2 /* ViewController.m in Sources */,
				04460E692B0BADA900F323A2 /* TableViewController.swift in Sources */,
				04460E2A2B0BA49F00F323A2 /* AppDelegate.m in Sources */,
				04460E682B0BADA900F323A2 /* HBSetViewModel.swift in Sources */,
				04460E812B0BAE0B00F323A2 /* HtmlParsing.swift in Sources */,
				04460E7F2B0BAE0B00F323A2 /* Wireframe.swift in Sources */,
				04460E5F2B0BABD700F323A2 /* RxViewController.swift in Sources */,
				04460E6D2B0BADA900F323A2 /* RxTableViewControllerExample.swift in Sources */,
				04460E6B2B0BADA900F323A2 /* HBSetCellModel.swift in Sources */,
				04460E7D2B0BAE0B00F323A2 /* ReachabilityService.swift in Sources */,
				04460E3B2B0BA4A200F323A2 /* main.m in Sources */,
				04460E852B0BAE0B00F323A2 /* Reachability.swift in Sources */,
				04460E6C2B0BADA900F323A2 /* HBSetCell.swift in Sources */,
				04460E7E2B0BAE0B00F323A2 /* PseudoRandomGenerator.swift in Sources */,
				04460E842B0BAE0B00F323A2 /* ActivityIndicator.swift in Sources */,
				04460E6E2B0BADA900F323A2 /* UIColor+Extend.m in Sources */,
			);
			runOnlyForDeploymentPostprocessing = 0;
		};
		04460E3C2B0BA4A200F323A2 /* Sources */ = {
			isa = PBXSourcesBuildPhase;
			buildActionMask = 2147483647;
			files = (
				04460E452B0BA4A200F323A2 /* OC_RxSwiftHelloWorldTests.m in Sources */,
			);
			runOnlyForDeploymentPostprocessing = 0;
		};
		04460E462B0BA4A200F323A2 /* Sources */ = {
			isa = PBXSourcesBuildPhase;
			buildActionMask = 2147483647;
			files = (
				04460E512B0BA4A200F323A2 /* OC_RxSwiftHelloWorldUITestsLaunchTests.m in Sources */,
				04460E4F2B0BA4A200F323A2 /* OC_RxSwiftHelloWorldUITests.m in Sources */,
			);
			runOnlyForDeploymentPostprocessing = 0;
		};
/* End PBXSourcesBuildPhase section */

/* Begin PBXTargetDependency section */
		04460E422B0BA4A200F323A2 /* PBXTargetDependency */ = {
			isa = PBXTargetDependency;
			target = 04460E242B0BA49F00F323A2 /* OC_RxSwiftHelloWorld */;
			targetProxy = 04460E412B0BA4A200F323A2 /* PBXContainerItemProxy */;
		};
		04460E4C2B0BA4A200F323A2 /* PBXTargetDependency */ = {
			isa = PBXTargetDependency;
			target = 04460E242B0BA49F00F323A2 /* OC_RxSwiftHelloWorld */;
			targetProxy = 04460E4B2B0BA4A200F323A2 /* PBXContainerItemProxy */;
		};
/* End PBXTargetDependency section */

/* Begin PBXVariantGroup section */
		04460E312B0BA49F00F323A2 /* Main.storyboard */ = {
			isa = PBXVariantGroup;
			children = (
				04460E322B0BA49F00F323A2 /* Base */,
			);
			name = Main.storyboard;
			sourceTree = "<group>";
		};
		04460E362B0BA4A200F323A2 /* LaunchScreen.storyboard */ = {
			isa = PBXVariantGroup;
			children = (
				04460E372B0BA4A200F323A2 /* Base */,
			);
			name = LaunchScreen.storyboard;
			sourceTree = "<group>";
		};
/* End PBXVariantGroup section */

/* Begin XCBuildConfiguration section */
		04460E522B0BA4A200F323A2 /* Debug */ = {
			isa = XCBuildConfiguration;
			buildSettings = {
				ALWAYS_SEARCH_USER_PATHS = NO;
				CLANG_ANALYZER_NONNULL = YES;
				CLANG_ANALYZER_NUMBER_OBJECT_CONVERSION = YES_AGGRESSIVE;
				CLANG_CXX_LANGUAGE_STANDARD = "gnu++17";
				CLANG_ENABLE_MODULES = YES;
				CLANG_ENABLE_OBJC_ARC = YES;
				CLANG_ENABLE_OBJC_WEAK = YES;
				CLANG_WARN_BLOCK_CAPTURE_AUTORELEASING = YES;
				CLANG_WARN_BOOL_CONVERSION = YES;
				CLANG_WARN_COMMA = YES;
				CLANG_WARN_CONSTANT_CONVERSION = YES;
				CLANG_WARN_DEPRECATED_OBJC_IMPLEMENTATIONS = YES;
				CLANG_WARN_DIRECT_OBJC_ISA_USAGE = YES_ERROR;
				CLANG_WARN_DOCUMENTATION_COMMENTS = YES;
				CLANG_WARN_EMPTY_BODY = YES;
				CLANG_WARN_ENUM_CONVERSION = YES;
				CLANG_WARN_INFINITE_RECURSION = YES;
				CLANG_WARN_INT_CONVERSION = YES;
				CLANG_WARN_NON_LITERAL_NULL_CONVERSION = YES;
				CLANG_WARN_OBJC_IMPLICIT_RETAIN_SELF = YES;
				CLANG_WARN_OBJC_LITERAL_CONVERSION = YES;
				CLANG_WARN_OBJC_ROOT_CLASS = YES_ERROR;
				CLANG_WARN_QUOTED_INCLUDE_IN_FRAMEWORK_HEADER = YES;
				CLANG_WARN_RANGE_LOOP_ANALYSIS = YES;
				CLANG_WARN_STRICT_PROTOTYPES = YES;
				CLANG_WARN_SUSPICIOUS_MOVE = YES;
				CLANG_WARN_UNGUARDED_AVAILABILITY = YES_AGGRESSIVE;
				CLANG_WARN_UNREACHABLE_CODE = YES;
				CLANG_WARN__DUPLICATE_METHOD_MATCH = YES;
				COPY_PHASE_STRIP = NO;
				DEBUG_INFORMATION_FORMAT = dwarf;
				ENABLE_STRICT_OBJC_MSGSEND = YES;
				ENABLE_TESTABILITY = YES;
				GCC_C_LANGUAGE_STANDARD = gnu11;
				GCC_DYNAMIC_NO_PIC = NO;
				GCC_NO_COMMON_BLOCKS = YES;
				GCC_OPTIMIZATION_LEVEL = 0;
				GCC_PREPROCESSOR_DEFINITIONS = (
					"DEBUG=1",
					"$(inherited)",
				);
				GCC_WARN_64_TO_32_BIT_CONVERSION = YES;
				GCC_WARN_ABOUT_RETURN_TYPE = YES_ERROR;
				GCC_WARN_UNDECLARED_SELECTOR = YES;
				GCC_WARN_UNINITIALIZED_AUTOS = YES_AGGRESSIVE;
				GCC_WARN_UNUSED_FUNCTION = YES;
				GCC_WARN_UNUSED_VARIABLE = YES;
				IPHONEOS_DEPLOYMENT_TARGET = 15.5;
				MTL_ENABLE_DEBUG_INFO = INCLUDE_SOURCE;
				MTL_FAST_MATH = YES;
				ONLY_ACTIVE_ARCH = YES;
				SDKROOT = iphoneos;
			};
			name = Debug;
		};
		04460E532B0BA4A200F323A2 /* Release */ = {
			isa = XCBuildConfiguration;
			buildSettings = {
				ALWAYS_SEARCH_USER_PATHS = NO;
				CLANG_ANALYZER_NONNULL = YES;
				CLANG_ANALYZER_NUMBER_OBJECT_CONVERSION = YES_AGGRESSIVE;
				CLANG_CXX_LANGUAGE_STANDARD = "gnu++17";
				CLANG_ENABLE_MODULES = YES;
				CLANG_ENABLE_OBJC_ARC = YES;
				CLANG_ENABLE_OBJC_WEAK = YES;
				CLANG_WARN_BLOCK_CAPTURE_AUTORELEASING = YES;
				CLANG_WARN_BOOL_CONVERSION = YES;
				CLANG_WARN_COMMA = YES;
				CLANG_WARN_CONSTANT_CONVERSION = YES;
				CLANG_WARN_DEPRECATED_OBJC_IMPLEMENTATIONS = YES;
				CLANG_WARN_DIRECT_OBJC_ISA_USAGE = YES_ERROR;
				CLANG_WARN_DOCUMENTATION_COMMENTS = YES;
				CLANG_WARN_EMPTY_BODY = YES;
				CLANG_WARN_ENUM_CONVERSION = YES;
				CLANG_WARN_INFINITE_RECURSION = YES;
				CLANG_WARN_INT_CONVERSION = YES;
				CLANG_WARN_NON_LITERAL_NULL_CONVERSION = YES;
				CLANG_WARN_OBJC_IMPLICIT_RETAIN_SELF = YES;
				CLANG_WARN_OBJC_LITERAL_CONVERSION = YES;
				CLANG_WARN_OBJC_ROOT_CLASS = YES_ERROR;
				CLANG_WARN_QUOTED_INCLUDE_IN_FRAMEWORK_HEADER = YES;
				CLANG_WARN_RANGE_LOOP_ANALYSIS = YES;
				CLANG_WARN_STRICT_PROTOTYPES = YES;
				CLANG_WARN_SUSPICIOUS_MOVE = YES;
				CLANG_WARN_UNGUARDED_AVAILABILITY = YES_AGGRESSIVE;
				CLANG_WARN_UNREACHABLE_CODE = YES;
				CLANG_WARN__DUPLICATE_METHOD_MATCH = YES;
				COPY_PHASE_STRIP = NO;
				DEBUG_INFORMATION_FORMAT = "dwarf-with-dsym";
				ENABLE_NS_ASSERTIONS = NO;
				ENABLE_STRICT_OBJC_MSGSEND = YES;
				GCC_C_LANGUAGE_STANDARD = gnu11;
				GCC_NO_COMMON_BLOCKS = YES;
				GCC_WARN_64_TO_32_BIT_CONVERSION = YES;
				GCC_WARN_ABOUT_RETURN_TYPE = YES_ERROR;
				GCC_WARN_UNDECLARED_SELECTOR = YES;
				GCC_WARN_UNINITIALIZED_AUTOS = YES_AGGRESSIVE;
				GCC_WARN_UNUSED_FUNCTION = YES;
				GCC_WARN_UNUSED_VARIABLE = YES;
				IPHONEOS_DEPLOYMENT_TARGET = 15.5;
				MTL_ENABLE_DEBUG_INFO = NO;
				MTL_FAST_MATH = YES;
				SDKROOT = iphoneos;
				VALIDATE_PRODUCT = YES;
			};
			name = Release;
		};
		04460E552B0BA4A200F323A2 /* Debug */ = {
			isa = XCBuildConfiguration;
			baseConfigurationReference = FEBF057A7C2CAFDB78D30410 /* Pods-OC_RxSwiftHelloWorld.debug.xcconfig */;
			buildSettings = {
				ASSETCATALOG_COMPILER_APPICON_NAME = AppIcon;
				ASSETCATALOG_COMPILER_GLOBAL_ACCENT_COLOR_NAME = AccentColor;
				CLANG_ENABLE_MODULES = YES;
				CODE_SIGN_STYLE = Automatic;
				CURRENT_PROJECT_VERSION = 1;
				DEFINES_MODULE = YES;
				GENERATE_INFOPLIST_FILE = YES;
				INFOPLIST_FILE = OC_RxSwiftHelloWorld/Info.plist;
				INFOPLIST_KEY_UIApplicationSupportsIndirectInputEvents = YES;
				INFOPLIST_KEY_UILaunchStoryboardName = LaunchScreen;
				INFOPLIST_KEY_UISupportedInterfaceOrientations_iPad = "UIInterfaceOrientationPortrait UIInterfaceOrientationPortraitUpsideDown UIInterfaceOrientationLandscapeLeft UIInterfaceOrientationLandscapeRight";
				INFOPLIST_KEY_UISupportedInterfaceOrientations_iPhone = "UIInterfaceOrientationPortrait UIInterfaceOrientationLandscapeLeft UIInterfaceOrientationLandscapeRight";
				IPHONEOS_DEPLOYMENT_TARGET = 12.0;
				LD_RUNPATH_SEARCH_PATHS = (
					"$(inherited)",
					"@executable_path/Frameworks",
				);
				MARKETING_VERSION = 1.0;
				PRODUCT_BUNDLE_IDENTIFIER = "cn.com.mingyue.OC-RxSwiftHelloWorld";
				PRODUCT_NAME = "$(TARGET_NAME)";
				SWIFT_EMIT_LOC_STRINGS = YES;
				SWIFT_OBJC_BRIDGING_HEADER = "OC_RxSwiftHelloWorld/OC_RxSwiftHelloWorld-Bridging-Header.h";
				SWIFT_OPTIMIZATION_LEVEL = "-Onone";
				SWIFT_VERSION = 5.0;
				TARGETED_DEVICE_FAMILY = 1;
			};
			name = Debug;
		};
		04460E562B0BA4A200F323A2 /* Release */ = {
			isa = XCBuildConfiguration;
			baseConfigurationReference = 22BDFF2FA0494007A1D58100 /* Pods-OC_RxSwiftHelloWorld.release.xcconfig */;
			buildSettings = {
				ASSETCATALOG_COMPILER_APPICON_NAME = AppIcon;
				ASSETCATALOG_COMPILER_GLOBAL_ACCENT_COLOR_NAME = AccentColor;
				CLANG_ENABLE_MODULES = YES;
				CODE_SIGN_STYLE = Automatic;
				CURRENT_PROJECT_VERSION = 1;
				DEFINES_MODULE = YES;
				GENERATE_INFOPLIST_FILE = YES;
				INFOPLIST_FILE = OC_RxSwiftHelloWorld/Info.plist;
				INFOPLIST_KEY_UIApplicationSupportsIndirectInputEvents = YES;
				INFOPLIST_KEY_UILaunchStoryboardName = LaunchScreen;
				INFOPLIST_KEY_UISupportedInterfaceOrientations_iPad = "UIInterfaceOrientationPortrait UIInterfaceOrientationPortraitUpsideDown UIInterfaceOrientationLandscapeLeft UIInterfaceOrientationLandscapeRight";
				INFOPLIST_KEY_UISupportedInterfaceOrientations_iPhone = "UIInterfaceOrientationPortrait UIInterfaceOrientationLandscapeLeft UIInterfaceOrientationLandscapeRight";
				IPHONEOS_DEPLOYMENT_TARGET = 12.0;
				LD_RUNPATH_SEARCH_PATHS = (
					"$(inherited)",
					"@executable_path/Frameworks",
				);
				MARKETING_VERSION = 1.0;
				PRODUCT_BUNDLE_IDENTIFIER = "cn.com.mingyue.OC-RxSwiftHelloWorld";
				PRODUCT_NAME = "$(TARGET_NAME)";
				SWIFT_EMIT_LOC_STRINGS = YES;
				SWIFT_OBJC_BRIDGING_HEADER = "OC_RxSwiftHelloWorld/OC_RxSwiftHelloWorld-Bridging-Header.h";
				SWIFT_VERSION = 5.0;
				TARGETED_DEVICE_FAMILY = 1;
			};
			name = Release;
		};
		04460E582B0BA4A200F323A2 /* Debug */ = {
			isa = XCBuildConfiguration;
			baseConfigurationReference = 90ACE30DB06F903438C6BE30 /* Pods-OC_RxSwiftHelloWorldTests.debug.xcconfig */;
			buildSettings = {
				ALWAYS_EMBED_SWIFT_STANDARD_LIBRARIES = YES;
				BUNDLE_LOADER = "$(TEST_HOST)";
				CODE_SIGN_STYLE = Automatic;
				CURRENT_PROJECT_VERSION = 1;
				GENERATE_INFOPLIST_FILE = YES;
				IPHONEOS_DEPLOYMENT_TARGET = 15.5;
				MARKETING_VERSION = 1.0;
				PRODUCT_BUNDLE_IDENTIFIER = "cn.com.mingyue.OC-RxSwiftHelloWorldTests";
				PRODUCT_NAME = "$(TARGET_NAME)";
				SWIFT_EMIT_LOC_STRINGS = NO;
				TARGETED_DEVICE_FAMILY = "1,2";
				TEST_HOST = "$(BUILT_PRODUCTS_DIR)/OC_RxSwiftHelloWorld.app/OC_RxSwiftHelloWorld";
			};
			name = Debug;
		};
		04460E592B0BA4A200F323A2 /* Release */ = {
			isa = XCBuildConfiguration;
			baseConfigurationReference = D2056F4ED124EECBB2E9821C /* Pods-OC_RxSwiftHelloWorldTests.release.xcconfig */;
			buildSettings = {
				ALWAYS_EMBED_SWIFT_STANDARD_LIBRARIES = YES;
				BUNDLE_LOADER = "$(TEST_HOST)";
				CODE_SIGN_STYLE = Automatic;
				CURRENT_PROJECT_VERSION = 1;
				GENERATE_INFOPLIST_FILE = YES;
				IPHONEOS_DEPLOYMENT_TARGET = 15.5;
				MARKETING_VERSION = 1.0;
				PRODUCT_BUNDLE_IDENTIFIER = "cn.com.mingyue.OC-RxSwiftHelloWorldTests";
				PRODUCT_NAME = "$(TARGET_NAME)";
				SWIFT_EMIT_LOC_STRINGS = NO;
				TARGETED_DEVICE_FAMILY = "1,2";
				TEST_HOST = "$(BUILT_PRODUCTS_DIR)/OC_RxSwiftHelloWorld.app/OC_RxSwiftHelloWorld";
			};
			name = Release;
		};
		04460E5B2B0BA4A200F323A2 /* Debug */ = {
			isa = XCBuildConfiguration;
			baseConfigurationReference = AEF93420DC6EE393D9BA7CB9 /* Pods-OC_RxSwiftHelloWorld-OC_RxSwiftHelloWorldUITests.debug.xcconfig */;
			buildSettings = {
				ALWAYS_EMBED_SWIFT_STANDARD_LIBRARIES = YES;
				CODE_SIGN_STYLE = Automatic;
				CURRENT_PROJECT_VERSION = 1;
				GENERATE_INFOPLIST_FILE = YES;
				MARKETING_VERSION = 1.0;
				PRODUCT_BUNDLE_IDENTIFIER = "cn.com.mingyue.OC-RxSwiftHelloWorldUITests";
				PRODUCT_NAME = "$(TARGET_NAME)";
				SWIFT_EMIT_LOC_STRINGS = NO;
				TARGETED_DEVICE_FAMILY = "1,2";
				TEST_TARGET_NAME = OC_RxSwiftHelloWorld;
			};
			name = Debug;
		};
		04460E5C2B0BA4A200F323A2 /* Release */ = {
			isa = XCBuildConfiguration;
			baseConfigurationReference = B9439C6764E2FA2F9A5DDFAD /* Pods-OC_RxSwiftHelloWorld-OC_RxSwiftHelloWorldUITests.release.xcconfig */;
			buildSettings = {
				ALWAYS_EMBED_SWIFT_STANDARD_LIBRARIES = YES;
				CODE_SIGN_STYLE = Automatic;
				CURRENT_PROJECT_VERSION = 1;
				GENERATE_INFOPLIST_FILE = YES;
				MARKETING_VERSION = 1.0;
				PRODUCT_BUNDLE_IDENTIFIER = "cn.com.mingyue.OC-RxSwiftHelloWorldUITests";
				PRODUCT_NAME = "$(TARGET_NAME)";
				SWIFT_EMIT_LOC_STRINGS = NO;
				TARGETED_DEVICE_FAMILY = "1,2";
				TEST_TARGET_NAME = OC_RxSwiftHelloWorld;
			};
			name = Release;
		};
/* End XCBuildConfiguration section */

/* Begin XCConfigurationList section */
		04460E202B0BA49F00F323A2 /* Build configuration list for PBXProject "OC_RxSwiftHelloWorld" */ = {
			isa = XCConfigurationList;
			buildConfigurations = (
				04460E522B0BA4A200F323A2 /* Debug */,
				04460E532B0BA4A200F323A2 /* Release */,
			);
			defaultConfigurationIsVisible = 0;
			defaultConfigurationName = Release;
		};
		04460E542B0BA4A200F323A2 /* Build configuration list for PBXNativeTarget "OC_RxSwiftHelloWorld" */ = {
			isa = XCConfigurationList;
			buildConfigurations = (
				04460E552B0BA4A200F323A2 /* Debug */,
				04460E562B0BA4A200F323A2 /* Release */,
			);
			defaultConfigurationIsVisible = 0;
			defaultConfigurationName = Release;
		};
		04460E572B0BA4A200F323A2 /* Build configuration list for PBXNativeTarget "OC_RxSwiftHelloWorldTests" */ = {
			isa = XCConfigurationList;
			buildConfigurations = (
				04460E582B0BA4A200F323A2 /* Debug */,
				04460E592B0BA4A200F323A2 /* Release */,
			);
			defaultConfigurationIsVisible = 0;
			defaultConfigurationName = Release;
		};
		04460E5A2B0BA4A200F323A2 /* Build configuration list for PBXNativeTarget "OC_RxSwiftHelloWorldUITests" */ = {
			isa = XCConfigurationList;
			buildConfigurations = (
				04460E5B2B0BA4A200F323A2 /* Debug */,
				04460E5C2B0BA4A200F323A2 /* Release */,
			);
			defaultConfigurationIsVisible = 0;
			defaultConfigurationName = Release;
		};
/* End XCConfigurationList section */
	};
	rootObject = 04460E1D2B0BA49F00F323A2 /* Project object */;
}
