// !$*UTF8*$!
{
	archiveVersion = 1;
	classes = {
	};
	objectVersion = 55;
	objects = {

/* Begin PBXBuildFile section */
		41F553CF0EC642C1274465B5 /* Pods_RxSwiftHelloWorldTests.framework in Frameworks */ = {isa = PBXBuildFile; fileRef = C3E29A58E74594C84A5E4656 /* Pods_RxSwiftHelloWorldTests.framework */; };
		AF573631652013053127FFDD /* Pods_RxSwiftHelloWorld.framework in Frameworks */ = {isa = PBXBuildFile; fileRef = 13AE8AC8D5BCA1AD0AA4AAEA /* Pods_RxSwiftHelloWorld.framework */; };
		C7B7293D56F31A9C635B7DDC /* Pods_RxSwiftHelloWorld_RxSwiftHelloWorldUITests.framework in Frameworks */ = {isa = PBXBuildFile; fileRef = 64C557C19397D62EC3F89817 /* Pods_RxSwiftHelloWorld_RxSwiftHelloWorldUITests.framework */; };
		E797100A2AF878B300F75C16 /* AppDelegate.swift in Sources */ = {isa = PBXBuildFile; fileRef = E79710092AF878B300F75C16 /* AppDelegate.swift */; };
		E797100E2AF878B300F75C16 /* ViewController.swift in Sources */ = {isa = PBXBuildFile; fileRef = E797100D2AF878B300F75C16 /* ViewController.swift */; };
		E79710132AF878B400F75C16 /* Assets.xcassets in Resources */ = {isa = PBXBuildFile; fileRef = E79710122AF878B400F75C16 /* Assets.xcassets */; };
		E79710162AF878B400F75C16 /* LaunchScreen.storyboard in Resources */ = {isa = PBXBuildFile; fileRef = E79710142AF878B400F75C16 /* LaunchScreen.storyboard */; };
		E79710212AF878B400F75C16 /* RxSwiftHelloWorldTests.swift in Sources */ = {isa = PBXBuildFile; fileRef = E79710202AF878B400F75C16 /* RxSwiftHelloWorldTests.swift */; };
		E797102B2AF878B400F75C16 /* RxSwiftHelloWorldUITests.swift in Sources */ = {isa = PBXBuildFile; fileRef = E797102A2AF878B400F75C16 /* RxSwiftHelloWorldUITests.swift */; };
		E797102D2AF878B400F75C16 /* RxSwiftHelloWorldUITestsLaunchTests.swift in Sources */ = {isa = PBXBuildFile; fileRef = E797102C2AF878B400F75C16 /* RxSwiftHelloWorldUITestsLaunchTests.swift */; };
		E7E957E92AFE1F900090E56A /* TableViewController.swift in Sources */ = {isa = PBXBuildFile; fileRef = E7E957E82AFE1F900090E56A /* TableViewController.swift */; };
		E7E957F82AFE2F3B0090E56A /* ReachabilityService.swift in Sources */ = {isa = PBXBuildFile; fileRef = E7E957EC2AFE2F3B0090E56A /* ReachabilityService.swift */; };
		E7E957F92AFE2F3B0090E56A /* PseudoRandomGenerator.swift in Sources */ = {isa = PBXBuildFile; fileRef = E7E957ED2AFE2F3B0090E56A /* PseudoRandomGenerator.swift */; };
		E7E957FA2AFE2F3B0090E56A /* Wireframe.swift in Sources */ = {isa = PBXBuildFile; fileRef = E7E957EE2AFE2F3B0090E56A /* Wireframe.swift */; };
		E7E957FC2AFE2F3B0090E56A /* HtmlParsing.swift in Sources */ = {isa = PBXBuildFile; fileRef = E7E957F02AFE2F3B0090E56A /* HtmlParsing.swift */; };
		E7E957FF2AFE2F3B0090E56A /* ActivityIndicator.swift in Sources */ = {isa = PBXBuildFile; fileRef = E7E957F32AFE2F3B0090E56A /* ActivityIndicator.swift */; };
		E7E958002AFE2F3B0090E56A /* Reachability.swift in Sources */ = {isa = PBXBuildFile; fileRef = E7E957F42AFE2F3B0090E56A /* Reachability.swift */; };
		E7E958042B01B70E0090E56A /* RxTableViewControllerExample.swift in Sources */ = {isa = PBXBuildFile; fileRef = E7E958032B01B70E0090E56A /* RxTableViewControllerExample.swift */; };
		E7E9588C2B021E920090E56A /* HBSetViewController.swift in Sources */ = {isa = PBXBuildFile; fileRef = E7E9588B2B021E920090E56A /* HBSetViewController.swift */; };
		E7E9588E2B021EE70090E56A /* HBSetCell.swift in Sources */ = {isa = PBXBuildFile; fileRef = E7E9588D2B021EE70090E56A /* HBSetCell.swift */; };
		E7E958902B0305620090E56A /* HBSetCellModel.swift in Sources */ = {isa = PBXBuildFile; fileRef = E7E9588F2B0305620090E56A /* HBSetCellModel.swift */; };
/* End PBXBuildFile section */

/* Begin PBXContainerItemProxy section */
		E797101D2AF878B400F75C16 /* PBXContainerItemProxy */ = {
			isa = PBXContainerItemProxy;
			containerPortal = E7970FFE2AF878B300F75C16 /* Project object */;
			proxyType = 1;
			remoteGlobalIDString = E79710052AF878B300F75C16;
			remoteInfo = RxSwiftHelloWorld;
		};
		E79710272AF878B400F75C16 /* PBXContainerItemProxy */ = {
			isa = PBXContainerItemProxy;
			containerPortal = E7970FFE2AF878B300F75C16 /* Project object */;
			proxyType = 1;
			remoteGlobalIDString = E79710052AF878B300F75C16;
			remoteInfo = RxSwiftHelloWorld;
		};
/* End PBXContainerItemProxy section */

/* Begin PBXFileReference section */
		08E362834520CAC32E700ABE /* Pods-RxSwiftHelloWorldTests.debug.xcconfig */ = {isa = PBXFileReference; includeInIndex = 1; lastKnownFileType = text.xcconfig; name = "Pods-RxSwiftHelloWorldTests.debug.xcconfig"; path = "Target Support Files/Pods-RxSwiftHelloWorldTests/Pods-RxSwiftHelloWorldTests.debug.xcconfig"; sourceTree = "<group>"; };
		11303B0525C43C2D4936C10B /* Pods-RxSwiftHelloWorld-RxSwiftHelloWorldUITests.debug.xcconfig */ = {isa = PBXFileReference; includeInIndex = 1; lastKnownFileType = text.xcconfig; name = "Pods-RxSwiftHelloWorld-RxSwiftHelloWorldUITests.debug.xcconfig"; path = "Target Support Files/Pods-RxSwiftHelloWorld-RxSwiftHelloWorldUITests/Pods-RxSwiftHelloWorld-RxSwiftHelloWorldUITests.debug.xcconfig"; sourceTree = "<group>"; };
		13AE8AC8D5BCA1AD0AA4AAEA /* Pods_RxSwiftHelloWorld.framework */ = {isa = PBXFileReference; explicitFileType = wrapper.framework; includeInIndex = 0; path = Pods_RxSwiftHelloWorld.framework; sourceTree = BUILT_PRODUCTS_DIR; };
		42CE4CF5AF6B7007CB757054 /* Pods-RxSwiftHelloWorld-RxSwiftHelloWorldUITests.release.xcconfig */ = {isa = PBXFileReference; includeInIndex = 1; lastKnownFileType = text.xcconfig; name = "Pods-RxSwiftHelloWorld-RxSwiftHelloWorldUITests.release.xcconfig"; path = "Target Support Files/Pods-RxSwiftHelloWorld-RxSwiftHelloWorldUITests/Pods-RxSwiftHelloWorld-RxSwiftHelloWorldUITests.release.xcconfig"; sourceTree = "<group>"; };
		64C557C19397D62EC3F89817 /* Pods_RxSwiftHelloWorld_RxSwiftHelloWorldUITests.framework */ = {isa = PBXFileReference; explicitFileType = wrapper.framework; includeInIndex = 0; path = Pods_RxSwiftHelloWorld_RxSwiftHelloWorldUITests.framework; sourceTree = BUILT_PRODUCTS_DIR; };
		76F5F440CCAF9133C33DCBE2 /* Pods-RxSwiftHelloWorldTests.release.xcconfig */ = {isa = PBXFileReference; includeInIndex = 1; lastKnownFileType = text.xcconfig; name = "Pods-RxSwiftHelloWorldTests.release.xcconfig"; path = "Target Support Files/Pods-RxSwiftHelloWorldTests/Pods-RxSwiftHelloWorldTests.release.xcconfig"; sourceTree = "<group>"; };
		7701FA70D4C5AAC65598DAEE /* Pods-RxSwiftHelloWorld.release.xcconfig */ = {isa = PBXFileReference; includeInIndex = 1; lastKnownFileType = text.xcconfig; name = "Pods-RxSwiftHelloWorld.release.xcconfig"; path = "Target Support Files/Pods-RxSwiftHelloWorld/Pods-RxSwiftHelloWorld.release.xcconfig"; sourceTree = "<group>"; };
		A01CFF9F819BB276DB5221E7 /* Pods-RxSwiftHelloWorld.debug.xcconfig */ = {isa = PBXFileReference; includeInIndex = 1; lastKnownFileType = text.xcconfig; name = "Pods-RxSwiftHelloWorld.debug.xcconfig"; path = "Target Support Files/Pods-RxSwiftHelloWorld/Pods-RxSwiftHelloWorld.debug.xcconfig"; sourceTree = "<group>"; };
		C3E29A58E74594C84A5E4656 /* Pods_RxSwiftHelloWorldTests.framework */ = {isa = PBXFileReference; explicitFileType = wrapper.framework; includeInIndex = 0; path = Pods_RxSwiftHelloWorldTests.framework; sourceTree = BUILT_PRODUCTS_DIR; };
		E79710062AF878B300F75C16 /* RxSwiftHelloWorld.app */ = {isa = PBXFileReference; explicitFileType = wrapper.application; includeInIndex = 0; path = RxSwiftHelloWorld.app; sourceTree = BUILT_PRODUCTS_DIR; };
		E79710092AF878B300F75C16 /* AppDelegate.swift */ = {isa = PBXFileReference; lastKnownFileType = sourcecode.swift; path = AppDelegate.swift; sourceTree = "<group>"; };
		E797100D2AF878B300F75C16 /* ViewController.swift */ = {isa = PBXFileReference; lastKnownFileType = sourcecode.swift; path = ViewController.swift; sourceTree = "<group>"; };
		E79710122AF878B400F75C16 /* Assets.xcassets */ = {isa = PBXFileReference; lastKnownFileType = folder.assetcatalog; path = Assets.xcassets; sourceTree = "<group>"; };
		E79710152AF878B400F75C16 /* Base */ = {isa = PBXFileReference; lastKnownFileType = file.storyboard; name = Base; path = Base.lproj/LaunchScreen.storyboard; sourceTree = "<group>"; };
		E79710172AF878B400F75C16 /* Info.plist */ = {isa = PBXFileReference; lastKnownFileType = text.plist.xml; path = Info.plist; sourceTree = "<group>"; };
		E797101C2AF878B400F75C16 /* RxSwiftHelloWorldTests.xctest */ = {isa = PBXFileReference; explicitFileType = wrapper.cfbundle; includeInIndex = 0; path = RxSwiftHelloWorldTests.xctest; sourceTree = BUILT_PRODUCTS_DIR; };
		E79710202AF878B400F75C16 /* RxSwiftHelloWorldTests.swift */ = {isa = PBXFileReference; lastKnownFileType = sourcecode.swift; path = RxSwiftHelloWorldTests.swift; sourceTree = "<group>"; };
		E79710262AF878B400F75C16 /* RxSwiftHelloWorldUITests.xctest */ = {isa = PBXFileReference; explicitFileType = wrapper.cfbundle; includeInIndex = 0; path = RxSwiftHelloWorldUITests.xctest; sourceTree = BUILT_PRODUCTS_DIR; };
		E797102A2AF878B400F75C16 /* RxSwiftHelloWorldUITests.swift */ = {isa = PBXFileReference; lastKnownFileType = sourcecode.swift; path = RxSwiftHelloWorldUITests.swift; sourceTree = "<group>"; };
		E797102C2AF878B400F75C16 /* RxSwiftHelloWorldUITestsLaunchTests.swift */ = {isa = PBXFileReference; lastKnownFileType = sourcecode.swift; path = RxSwiftHelloWorldUITestsLaunchTests.swift; sourceTree = "<group>"; };
		E7E957E82AFE1F900090E56A /* TableViewController.swift */ = {isa = PBXFileReference; lastKnownFileType = sourcecode.swift; path = TableViewController.swift; sourceTree = "<group>"; };
		E7E957EC2AFE2F3B0090E56A /* ReachabilityService.swift */ = {isa = PBXFileReference; fileEncoding = 4; lastKnownFileType = sourcecode.swift; path = ReachabilityService.swift; sourceTree = "<group>"; };
		E7E957ED2AFE2F3B0090E56A /* PseudoRandomGenerator.swift */ = {isa = PBXFileReference; fileEncoding = 4; lastKnownFileType = sourcecode.swift; path = PseudoRandomGenerator.swift; sourceTree = "<group>"; };
		E7E957EE2AFE2F3B0090E56A /* Wireframe.swift */ = {isa = PBXFileReference; fileEncoding = 4; lastKnownFileType = sourcecode.swift; path = Wireframe.swift; sourceTree = "<group>"; };
		E7E957F02AFE2F3B0090E56A /* HtmlParsing.swift */ = {isa = PBXFileReference; fileEncoding = 4; lastKnownFileType = sourcecode.swift; path = HtmlParsing.swift; sourceTree = "<group>"; };
		E7E957F32AFE2F3B0090E56A /* ActivityIndicator.swift */ = {isa = PBXFileReference; fileEncoding = 4; lastKnownFileType = sourcecode.swift; path = ActivityIndicator.swift; sourceTree = "<group>"; };
		E7E957F42AFE2F3B0090E56A /* Reachability.swift */ = {isa = PBXFileReference; fileEncoding = 4; lastKnownFileType = sourcecode.swift; path = Reachability.swift; sourceTree = "<group>"; };
		E7E958032B01B70E0090E56A /* RxTableViewControllerExample.swift */ = {isa = PBXFileReference; lastKnownFileType = sourcecode.swift; path = RxTableViewControllerExample.swift; sourceTree = "<group>"; };
		E7E9588B2B021E920090E56A /* HBSetViewController.swift */ = {isa = PBXFileReference; lastKnownFileType = sourcecode.swift; path = HBSetViewController.swift; sourceTree = "<group>"; };
		E7E9588D2B021EE70090E56A /* HBSetCell.swift */ = {isa = PBXFileReference; lastKnownFileType = sourcecode.swift; path = HBSetCell.swift; sourceTree = "<group>"; };
		E7E9588F2B0305620090E56A /* HBSetCellModel.swift */ = {isa = PBXFileReference; lastKnownFileType = sourcecode.swift; path = HBSetCellModel.swift; sourceTree = "<group>"; };
/* End PBXFileReference section */

/* Begin PBXFrameworksBuildPhase section */
		E79710032AF878B300F75C16 /* Frameworks */ = {
			isa = PBXFrameworksBuildPhase;
			buildActionMask = 2147483647;
			files = (
				AF573631652013053127FFDD /* Pods_RxSwiftHelloWorld.framework in Frameworks */,
			);
			runOnlyForDeploymentPostprocessing = 0;
		};
		E79710192AF878B400F75C16 /* Frameworks */ = {
			isa = PBXFrameworksBuildPhase;
			buildActionMask = 2147483647;
			files = (
				41F553CF0EC642C1274465B5 /* Pods_RxSwiftHelloWorldTests.framework in Frameworks */,
			);
			runOnlyForDeploymentPostprocessing = 0;
		};
		E79710232AF878B400F75C16 /* Frameworks */ = {
			isa = PBXFrameworksBuildPhase;
			buildActionMask = 2147483647;
			files = (
				C7B7293D56F31A9C635B7DDC /* Pods_RxSwiftHelloWorld_RxSwiftHelloWorldUITests.framework in Frameworks */,
			);
			runOnlyForDeploymentPostprocessing = 0;
		};
/* End PBXFrameworksBuildPhase section */

/* Begin PBXGroup section */
		2DCD98C2CC4B80EEBBACCC92 /* Pods */ = {
			isa = PBXGroup;
			children = (
				A01CFF9F819BB276DB5221E7 /* Pods-RxSwiftHelloWorld.debug.xcconfig */,
				7701FA70D4C5AAC65598DAEE /* Pods-RxSwiftHelloWorld.release.xcconfig */,
				11303B0525C43C2D4936C10B /* Pods-RxSwiftHelloWorld-RxSwiftHelloWorldUITests.debug.xcconfig */,
				42CE4CF5AF6B7007CB757054 /* Pods-RxSwiftHelloWorld-RxSwiftHelloWorldUITests.release.xcconfig */,
				08E362834520CAC32E700ABE /* Pods-RxSwiftHelloWorldTests.debug.xcconfig */,
				76F5F440CCAF9133C33DCBE2 /* Pods-RxSwiftHelloWorldTests.release.xcconfig */,
			);
			path = Pods;
			sourceTree = "<group>";
		};
		473F6695D5B88833C7D8C68F /* Frameworks */ = {
			isa = PBXGroup;
			children = (
				13AE8AC8D5BCA1AD0AA4AAEA /* Pods_RxSwiftHelloWorld.framework */,
				64C557C19397D62EC3F89817 /* Pods_RxSwiftHelloWorld_RxSwiftHelloWorldUITests.framework */,
				C3E29A58E74594C84A5E4656 /* Pods_RxSwiftHelloWorldTests.framework */,
			);
			name = Frameworks;
			sourceTree = "<group>";
		};
		E7970FFD2AF878B300F75C16 = {
			isa = PBXGroup;
			children = (
				E79710082AF878B300F75C16 /* RxSwiftHelloWorld */,
				E797101F2AF878B400F75C16 /* RxSwiftHelloWorldTests */,
				E79710292AF878B400F75C16 /* RxSwiftHelloWorldUITests */,
				E79710072AF878B300F75C16 /* Products */,
				2DCD98C2CC4B80EEBBACCC92 /* Pods */,
				473F6695D5B88833C7D8C68F /* Frameworks */,
			);
			sourceTree = "<group>";
		};
		E79710072AF878B300F75C16 /* Products */ = {
			isa = PBXGroup;
			children = (
				E79710062AF878B300F75C16 /* RxSwiftHelloWorld.app */,
				E797101C2AF878B400F75C16 /* RxSwiftHelloWorldTests.xctest */,
				E79710262AF878B400F75C16 /* RxSwiftHelloWorldUITests.xctest */,
			);
			name = Products;
			sourceTree = "<group>";
		};
		E79710082AF878B300F75C16 /* RxSwiftHelloWorld */ = {
			isa = PBXGroup;
			children = (
				E79710092AF878B300F75C16 /* AppDelegate.swift */,
				E797100D2AF878B300F75C16 /* ViewController.swift */,
				E7E957E82AFE1F900090E56A /* TableViewController.swift */,
				E7E958032B01B70E0090E56A /* RxTableViewControllerExample.swift */,
				E7E9588B2B021E920090E56A /* HBSetViewController.swift */,
				E7E9588D2B021EE70090E56A /* HBSetCell.swift */,
				E7E9588F2B0305620090E56A /* HBSetCellModel.swift */,
				E7E957EA2AFE2F3B0090E56A /* Services */,
				E79710122AF878B400F75C16 /* Assets.xcassets */,
				E79710142AF878B400F75C16 /* LaunchScreen.storyboard */,
				E79710172AF878B400F75C16 /* Info.plist */,
			);
			path = RxSwiftHelloWorld;
			sourceTree = "<group>";
		};
		E797101F2AF878B400F75C16 /* RxSwiftHelloWorldTests */ = {
			isa = PBXGroup;
			children = (
				E79710202AF878B400F75C16 /* RxSwiftHelloWorldTests.swift */,
			);
			path = RxSwiftHelloWorldTests;
			sourceTree = "<group>";
		};
		E79710292AF878B400F75C16 /* RxSwiftHelloWorldUITests */ = {
			isa = PBXGroup;
			children = (
				E797102A2AF878B400F75C16 /* RxSwiftHelloWorldUITests.swift */,
				E797102C2AF878B400F75C16 /* RxSwiftHelloWorldUITestsLaunchTests.swift */,
			);
			path = RxSwiftHelloWorldUITests;
			sourceTree = "<group>";
		};
		E7E957EA2AFE2F3B0090E56A /* Services */ = {
			isa = PBXGroup;
			children = (
				E7E957EC2AFE2F3B0090E56A /* ReachabilityService.swift */,
				E7E957ED2AFE2F3B0090E56A /* PseudoRandomGenerator.swift */,
				E7E957EE2AFE2F3B0090E56A /* Wireframe.swift */,
				E7E957F02AFE2F3B0090E56A /* HtmlParsing.swift */,
				E7E957F32AFE2F3B0090E56A /* ActivityIndicator.swift */,
				E7E957F42AFE2F3B0090E56A /* Reachability.swift */,
			);
			path = Services;
			sourceTree = "<group>";
		};
/* End PBXGroup section */

/* Begin PBXNativeTarget section */
		E79710052AF878B300F75C16 /* RxSwiftHelloWorld */ = {
			isa = PBXNativeTarget;
			buildConfigurationList = E79710302AF878B400F75C16 /* Build configuration list for PBXNativeTarget "RxSwiftHelloWorld" */;
			buildPhases = (
				BF0D65F3F041A0A8AC58B8C9 /* [CP] Check Pods Manifest.lock */,
				E79710022AF878B300F75C16 /* Sources */,
				E79710032AF878B300F75C16 /* Frameworks */,
				E79710042AF878B300F75C16 /* Resources */,
				9C690BE26F535B66724816B1 /* [CP] Embed Pods Frameworks */,
			);
			buildRules = (
			);
			dependencies = (
			);
			name = RxSwiftHelloWorld;
			productName = RxSwiftHelloWorld;
			productReference = E79710062AF878B300F75C16 /* RxSwiftHelloWorld.app */;
			productType = "com.apple.product-type.application";
		};
		E797101B2AF878B400F75C16 /* RxSwiftHelloWorldTests */ = {
			isa = PBXNativeTarget;
			buildConfigurationList = E79710332AF878B400F75C16 /* Build configuration list for PBXNativeTarget "RxSwiftHelloWorldTests" */;
			buildPhases = (
				D734C14C7ED1C363E5FCD240 /* [CP] Check Pods Manifest.lock */,
				E79710182AF878B400F75C16 /* Sources */,
				E79710192AF878B400F75C16 /* Frameworks */,
				E797101A2AF878B400F75C16 /* Resources */,
			);
			buildRules = (
			);
			dependencies = (
				E797101E2AF878B400F75C16 /* PBXTargetDependency */,
			);
			name = RxSwiftHelloWorldTests;
			productName = RxSwiftHelloWorldTests;
			productReference = E797101C2AF878B400F75C16 /* RxSwiftHelloWorldTests.xctest */;
			productType = "com.apple.product-type.bundle.unit-test";
		};
		E79710252AF878B400F75C16 /* RxSwiftHelloWorldUITests */ = {
			isa = PBXNativeTarget;
			buildConfigurationList = E79710362AF878B400F75C16 /* Build configuration list for PBXNativeTarget "RxSwiftHelloWorldUITests" */;
			buildPhases = (
				5A73689C6EE280C9A273D1CC /* [CP] Check Pods Manifest.lock */,
				E79710222AF878B400F75C16 /* Sources */,
				E79710232AF878B400F75C16 /* Frameworks */,
				E79710242AF878B400F75C16 /* Resources */,
				095D336F9C139A572BE94C75 /* [CP] Embed Pods Frameworks */,
			);
			buildRules = (
			);
			dependencies = (
				E79710282AF878B400F75C16 /* PBXTargetDependency */,
			);
			name = RxSwiftHelloWorldUITests;
			productName = RxSwiftHelloWorldUITests;
			productReference = E79710262AF878B400F75C16 /* RxSwiftHelloWorldUITests.xctest */;
			productType = "com.apple.product-type.bundle.ui-testing";
		};
/* End PBXNativeTarget section */

/* Begin PBXProject section */
		E7970FFE2AF878B300F75C16 /* Project object */ = {
			isa = PBXProject;
			attributes = {
				BuildIndependentTargetsInParallel = 1;
				LastSwiftUpdateCheck = 1500;
				LastUpgradeCheck = 1500;
				TargetAttributes = {
					E79710052AF878B300F75C16 = {
						CreatedOnToolsVersion = 15.0;
					};
					E797101B2AF878B400F75C16 = {
						CreatedOnToolsVersion = 15.0;
						TestTargetID = E79710052AF878B300F75C16;
					};
					E79710252AF878B400F75C16 = {
						CreatedOnToolsVersion = 15.0;
						TestTargetID = E79710052AF878B300F75C16;
					};
				};
			};
			buildConfigurationList = E79710012AF878B300F75C16 /* Build configuration list for PBXProject "RxSwiftHelloWorld" */;
			compatibilityVersion = "Xcode 13.0";
			developmentRegion = en;
			hasScannedForEncodings = 0;
			knownRegions = (
				en,
				Base,
			);
			mainGroup = E7970FFD2AF878B300F75C16;
			productRefGroup = E79710072AF878B300F75C16 /* Products */;
			projectDirPath = "";
			projectRoot = "";
			targets = (
				E79710052AF878B300F75C16 /* RxSwiftHelloWorld */,
				E797101B2AF878B400F75C16 /* RxSwiftHelloWorldTests */,
				E79710252AF878B400F75C16 /* RxSwiftHelloWorldUITests */,
			);
		};
/* End PBXProject section */

/* Begin PBXResourcesBuildPhase section */
		E79710042AF878B300F75C16 /* Resources */ = {
			isa = PBXResourcesBuildPhase;
			buildActionMask = 2147483647;
			files = (
				E79710162AF878B400F75C16 /* LaunchScreen.storyboard in Resources */,
				E79710132AF878B400F75C16 /* Assets.xcassets in Resources */,
			);
			runOnlyForDeploymentPostprocessing = 0;
		};
		E797101A2AF878B400F75C16 /* Resources */ = {
			isa = PBXResourcesBuildPhase;
			buildActionMask = 2147483647;
			files = (
			);
			runOnlyForDeploymentPostprocessing = 0;
		};
		E79710242AF878B400F75C16 /* Resources */ = {
			isa = PBXResourcesBuildPhase;
			buildActionMask = 2147483647;
			files = (
			);
			runOnlyForDeploymentPostprocessing = 0;
		};
/* End PBXResourcesBuildPhase section */

/* Begin PBXShellScriptBuildPhase section */
		095D336F9C139A572BE94C75 /* [CP] Embed Pods Frameworks */ = {
			isa = PBXShellScriptBuildPhase;
			buildActionMask = 2147483647;
			files = (
			);
			inputFileListPaths = (
				"${PODS_ROOT}/Target Support Files/Pods-RxSwiftHelloWorld-RxSwiftHelloWorldUITests/Pods-RxSwiftHelloWorld-RxSwiftHelloWorldUITests-frameworks-${CONFIGURATION}-input-files.xcfilelist",
			);
			name = "[CP] Embed Pods Frameworks";
			outputFileListPaths = (
				"${PODS_ROOT}/Target Support Files/Pods-RxSwiftHelloWorld-RxSwiftHelloWorldUITests/Pods-RxSwiftHelloWorld-RxSwiftHelloWorldUITests-frameworks-${CONFIGURATION}-output-files.xcfilelist",
			);
			runOnlyForDeploymentPostprocessing = 0;
			shellPath = /bin/sh;
			shellScript = "\"${PODS_ROOT}/Target Support Files/Pods-RxSwiftHelloWorld-RxSwiftHelloWorldUITests/Pods-RxSwiftHelloWorld-RxSwiftHelloWorldUITests-frameworks.sh\"\n";
			showEnvVarsInLog = 0;
		};
		5A73689C6EE280C9A273D1CC /* [CP] Check Pods Manifest.lock */ = {
			isa = PBXShellScriptBuildPhase;
			buildActionMask = 2147483647;
			files = (
			);
			inputFileListPaths = (
			);
			inputPaths = (
				"${PODS_PODFILE_DIR_PATH}/Podfile.lock",
				"${PODS_ROOT}/Manifest.lock",
			);
			name = "[CP] Check Pods Manifest.lock";
			outputFileListPaths = (
			);
			outputPaths = (
				"$(DERIVED_FILE_DIR)/Pods-RxSwiftHelloWorld-RxSwiftHelloWorldUITests-checkManifestLockResult.txt",
			);
			runOnlyForDeploymentPostprocessing = 0;
			shellPath = /bin/sh;
			shellScript = "diff \"${PODS_PODFILE_DIR_PATH}/Podfile.lock\" \"${PODS_ROOT}/Manifest.lock\" > /dev/null\nif [ $? != 0 ] ; then\n    # print error to STDERR\n    echo \"error: The sandbox is not in sync with the Podfile.lock. Run 'pod install' or update your CocoaPods installation.\" >&2\n    exit 1\nfi\n# This output is used by Xcode 'outputs' to avoid re-running this script phase.\necho \"SUCCESS\" > \"${SCRIPT_OUTPUT_FILE_0}\"\n";
			showEnvVarsInLog = 0;
		};
		9C690BE26F535B66724816B1 /* [CP] Embed Pods Frameworks */ = {
			isa = PBXShellScriptBuildPhase;
			buildActionMask = 2147483647;
			files = (
			);
			inputFileListPaths = (
				"${PODS_ROOT}/Target Support Files/Pods-RxSwiftHelloWorld/Pods-RxSwiftHelloWorld-frameworks-${CONFIGURATION}-input-files.xcfilelist",
			);
			name = "[CP] Embed Pods Frameworks";
			outputFileListPaths = (
				"${PODS_ROOT}/Target Support Files/Pods-RxSwiftHelloWorld/Pods-RxSwiftHelloWorld-frameworks-${CONFIGURATION}-output-files.xcfilelist",
			);
			runOnlyForDeploymentPostprocessing = 0;
			shellPath = /bin/sh;
			shellScript = "\"${PODS_ROOT}/Target Support Files/Pods-RxSwiftHelloWorld/Pods-RxSwiftHelloWorld-frameworks.sh\"\n";
			showEnvVarsInLog = 0;
		};
		BF0D65F3F041A0A8AC58B8C9 /* [CP] Check Pods Manifest.lock */ = {
			isa = PBXShellScriptBuildPhase;
			buildActionMask = 2147483647;
			files = (
			);
			inputFileListPaths = (
			);
			inputPaths = (
				"${PODS_PODFILE_DIR_PATH}/Podfile.lock",
				"${PODS_ROOT}/Manifest.lock",
			);
			name = "[CP] Check Pods Manifest.lock";
			outputFileListPaths = (
			);
			outputPaths = (
				"$(DERIVED_FILE_DIR)/Pods-RxSwiftHelloWorld-checkManifestLockResult.txt",
			);
			runOnlyForDeploymentPostprocessing = 0;
			shellPath = /bin/sh;
			shellScript = "diff \"${PODS_PODFILE_DIR_PATH}/Podfile.lock\" \"${PODS_ROOT}/Manifest.lock\" > /dev/null\nif [ $? != 0 ] ; then\n    # print error to STDERR\n    echo \"error: The sandbox is not in sync with the Podfile.lock. Run 'pod install' or update your CocoaPods installation.\" >&2\n    exit 1\nfi\n# This output is used by Xcode 'outputs' to avoid re-running this script phase.\necho \"SUCCESS\" > \"${SCRIPT_OUTPUT_FILE_0}\"\n";
			showEnvVarsInLog = 0;
		};
		D734C14C7ED1C363E5FCD240 /* [CP] Check Pods Manifest.lock */ = {
			isa = PBXShellScriptBuildPhase;
			buildActionMask = 2147483647;
			files = (
			);
			inputFileListPaths = (
			);
			inputPaths = (
				"${PODS_PODFILE_DIR_PATH}/Podfile.lock",
				"${PODS_ROOT}/Manifest.lock",
			);
			name = "[CP] Check Pods Manifest.lock";
			outputFileListPaths = (
			);
			outputPaths = (
				"$(DERIVED_FILE_DIR)/Pods-RxSwiftHelloWorldTests-checkManifestLockResult.txt",
			);
			runOnlyForDeploymentPostprocessing = 0;
			shellPath = /bin/sh;
			shellScript = "diff \"${PODS_PODFILE_DIR_PATH}/Podfile.lock\" \"${PODS_ROOT}/Manifest.lock\" > /dev/null\nif [ $? != 0 ] ; then\n    # print error to STDERR\n    echo \"error: The sandbox is not in sync with the Podfile.lock. Run 'pod install' or update your CocoaPods installation.\" >&2\n    exit 1\nfi\n# This output is used by Xcode 'outputs' to avoid re-running this script phase.\necho \"SUCCESS\" > \"${SCRIPT_OUTPUT_FILE_0}\"\n";
			showEnvVarsInLog = 0;
		};
/* End PBXShellScriptBuildPhase section */

/* Begin PBXSourcesBuildPhase section */
		E79710022AF878B300F75C16 /* Sources */ = {
			isa = PBXSourcesBuildPhase;
			buildActionMask = 2147483647;
			files = (
				E7E957F82AFE2F3B0090E56A /* ReachabilityService.swift in Sources */,
				E7E957FA2AFE2F3B0090E56A /* Wireframe.swift in Sources */,
				E797100E2AF878B300F75C16 /* ViewController.swift in Sources */,
				E7E957FC2AFE2F3B0090E56A /* HtmlParsing.swift in Sources */,
				E7E957FF2AFE2F3B0090E56A /* ActivityIndicator.swift in Sources */,
				E7E958902B0305620090E56A /* HBSetCellModel.swift in Sources */,
				E7E957E92AFE1F900090E56A /* TableViewController.swift in Sources */,
				E7E9588C2B021E920090E56A /* HBSetViewController.swift in Sources */,
				E7E958042B01B70E0090E56A /* RxTableViewControllerExample.swift in Sources */,
				E7E9588E2B021EE70090E56A /* HBSetCell.swift in Sources */,
				E7E957F92AFE2F3B0090E56A /* PseudoRandomGenerator.swift in Sources */,
				E797100A2AF878B300F75C16 /* AppDelegate.swift in Sources */,
				E7E958002AFE2F3B0090E56A /* Reachability.swift in Sources */,
			);
			runOnlyForDeploymentPostprocessing = 0;
		};
		E79710182AF878B400F75C16 /* Sources */ = {
			isa = PBXSourcesBuildPhase;
			buildActionMask = 2147483647;
			files = (
				E79710212AF878B400F75C16 /* RxSwiftHelloWorldTests.swift in Sources */,
			);
			runOnlyForDeploymentPostprocessing = 0;
		};
		E79710222AF878B400F75C16 /* Sources */ = {
			isa = PBXSourcesBuildPhase;
			buildActionMask = 2147483647;
			files = (
				E797102D2AF878B400F75C16 /* RxSwiftHelloWorldUITestsLaunchTests.swift in Sources */,
				E797102B2AF878B400F75C16 /* RxSwiftHelloWorldUITests.swift in Sources */,
			);
			runOnlyForDeploymentPostprocessing = 0;
		};
/* End PBXSourcesBuildPhase section */

/* Begin PBXTargetDependency section */
		E797101E2AF878B400F75C16 /* PBXTargetDependency */ = {
			isa = PBXTargetDependency;
			target = E79710052AF878B300F75C16 /* RxSwiftHelloWorld */;
			targetProxy = E797101D2AF878B400F75C16 /* PBXContainerItemProxy */;
		};
		E79710282AF878B400F75C16 /* PBXTargetDependency */ = {
			isa = PBXTargetDependency;
			target = E79710052AF878B300F75C16 /* RxSwiftHelloWorld */;
			targetProxy = E79710272AF878B400F75C16 /* PBXContainerItemProxy */;
		};
/* End PBXTargetDependency section */

/* Begin PBXVariantGroup section */
		E79710142AF878B400F75C16 /* LaunchScreen.storyboard */ = {
			isa = PBXVariantGroup;
			children = (
				E79710152AF878B400F75C16 /* Base */,
			);
			name = LaunchScreen.storyboard;
			sourceTree = "<group>";
		};
/* End PBXVariantGroup section */

/* Begin XCBuildConfiguration section */
		E797102E2AF878B400F75C16 /* Debug */ = {
			isa = XCBuildConfiguration;
			buildSettings = {
				ALWAYS_SEARCH_USER_PATHS = NO;
				ASSETCATALOG_COMPILER_GENERATE_SWIFT_ASSET_SYMBOL_EXTENSIONS = YES;
				CLANG_ANALYZER_NONNULL = YES;
				CLANG_ANALYZER_NUMBER_OBJECT_CONVERSION = YES_AGGRESSIVE;
				CLANG_CXX_LANGUAGE_STANDARD = "gnu++20";
				CLANG_ENABLE_MODULES = YES;
				CLANG_ENABLE_OBJC_ARC = YES;
				CLANG_ENABLE_OBJC_WEAK = YES;
				CLANG_WARN_BLOCK_CAPTURE_AUTORELEASING = YES;
				CLANG_WARN_BOOL_CONVERSION = YES;
				CLANG_WARN_COMMA = YES;
				CLANG_WARN_CONSTANT_CONVERSION = YES;
				CLANG_WARN_DEPRECATED_OBJC_IMPLEMENTATIONS = YES;
				CLANG_WARN_DIRECT_OBJC_ISA_USAGE = YES_ERROR;
				CLANG_WARN_DOCUMENTATION_COMMENTS = YES;
				CLANG_WARN_EMPTY_BODY = YES;
				CLANG_WARN_ENUM_CONVERSION = YES;
				CLANG_WARN_INFINITE_RECURSION = YES;
				CLANG_WARN_INT_CONVERSION = YES;
				CLANG_WARN_NON_LITERAL_NULL_CONVERSION = YES;
				CLANG_WARN_OBJC_IMPLICIT_RETAIN_SELF = YES;
				CLANG_WARN_OBJC_LITERAL_CONVERSION = YES;
				CLANG_WARN_OBJC_ROOT_CLASS = YES_ERROR;
				CLANG_WARN_QUOTED_INCLUDE_IN_FRAMEWORK_HEADER = YES;
				CLANG_WARN_RANGE_LOOP_ANALYSIS = YES;
				CLANG_WARN_STRICT_PROTOTYPES = YES;
				CLANG_WARN_SUSPICIOUS_MOVE = YES;
				CLANG_WARN_UNGUARDED_AVAILABILITY = YES_AGGRESSIVE;
				CLANG_WARN_UNREACHABLE_CODE = YES;
				CLANG_WARN__DUPLICATE_METHOD_MATCH = YES;
				COPY_PHASE_STRIP = NO;
				DEBUG_INFORMATION_FORMAT = dwarf;
				ENABLE_STRICT_OBJC_MSGSEND = YES;
				ENABLE_TESTABILITY = YES;
				ENABLE_USER_SCRIPT_SANDBOXING = NO;
				GCC_C_LANGUAGE_STANDARD = gnu17;
				GCC_DYNAMIC_NO_PIC = NO;
				GCC_NO_COMMON_BLOCKS = YES;
				GCC_OPTIMIZATION_LEVEL = 0;
				GCC_PREPROCESSOR_DEFINITIONS = (
					"DEBUG=1",
					"$(inherited)",
				);
				GCC_WARN_64_TO_32_BIT_CONVERSION = YES;
				GCC_WARN_ABOUT_RETURN_TYPE = YES_ERROR;
				GCC_WARN_UNDECLARED_SELECTOR = YES;
				GCC_WARN_UNINITIALIZED_AUTOS = YES_AGGRESSIVE;
				GCC_WARN_UNUSED_FUNCTION = YES;
				GCC_WARN_UNUSED_VARIABLE = YES;
				IPHONEOS_DEPLOYMENT_TARGET = 17.0;
				LOCALIZATION_PREFERS_STRING_CATALOGS = YES;
				MTL_ENABLE_DEBUG_INFO = INCLUDE_SOURCE;
				MTL_FAST_MATH = YES;
				ONLY_ACTIVE_ARCH = YES;
				SDKROOT = iphoneos;
				SWIFT_ACTIVE_COMPILATION_CONDITIONS = "DEBUG $(inherited)";
				SWIFT_OPTIMIZATION_LEVEL = "-Onone";
			};
			name = Debug;
		};
		E797102F2AF878B400F75C16 /* Release */ = {
			isa = XCBuildConfiguration;
			buildSettings = {
				ALWAYS_SEARCH_USER_PATHS = NO;
				ASSETCATALOG_COMPILER_GENERATE_SWIFT_ASSET_SYMBOL_EXTENSIONS = YES;
				CLANG_ANALYZER_NONNULL = YES;
				CLANG_ANALYZER_NUMBER_OBJECT_CONVERSION = YES_AGGRESSIVE;
				CLANG_CXX_LANGUAGE_STANDARD = "gnu++20";
				CLANG_ENABLE_MODULES = YES;
				CLANG_ENABLE_OBJC_ARC = YES;
				CLANG_ENABLE_OBJC_WEAK = YES;
				CLANG_WARN_BLOCK_CAPTURE_AUTORELEASING = YES;
				CLANG_WARN_BOOL_CONVERSION = YES;
				CLANG_WARN_COMMA = YES;
				CLANG_WARN_CONSTANT_CONVERSION = YES;
				CLANG_WARN_DEPRECATED_OBJC_IMPLEMENTATIONS = YES;
				CLANG_WARN_DIRECT_OBJC_ISA_USAGE = YES_ERROR;
				CLANG_WARN_DOCUMENTATION_COMMENTS = YES;
				CLANG_WARN_EMPTY_BODY = YES;
				CLANG_WARN_ENUM_CONVERSION = YES;
				CLANG_WARN_INFINITE_RECURSION = YES;
				CLANG_WARN_INT_CONVERSION = YES;
				CLANG_WARN_NON_LITERAL_NULL_CONVERSION = YES;
				CLANG_WARN_OBJC_IMPLICIT_RETAIN_SELF = YES;
				CLANG_WARN_OBJC_LITERAL_CONVERSION = YES;
				CLANG_WARN_OBJC_ROOT_CLASS = YES_ERROR;
				CLANG_WARN_QUOTED_INCLUDE_IN_FRAMEWORK_HEADER = YES;
				CLANG_WARN_RANGE_LOOP_ANALYSIS = YES;
				CLANG_WARN_STRICT_PROTOTYPES = YES;
				CLANG_WARN_SUSPICIOUS_MOVE = YES;
				CLANG_WARN_UNGUARDED_AVAILABILITY = YES_AGGRESSIVE;
				CLANG_WARN_UNREACHABLE_CODE = YES;
				CLANG_WARN__DUPLICATE_METHOD_MATCH = YES;
				COPY_PHASE_STRIP = NO;
				DEBUG_INFORMATION_FORMAT = "dwarf-with-dsym";
				ENABLE_NS_ASSERTIONS = NO;
				ENABLE_STRICT_OBJC_MSGSEND = YES;
				ENABLE_USER_SCRIPT_SANDBOXING = NO;
				GCC_C_LANGUAGE_STANDARD = gnu17;
				GCC_NO_COMMON_BLOCKS = YES;
				GCC_WARN_64_TO_32_BIT_CONVERSION = YES;
				GCC_WARN_ABOUT_RETURN_TYPE = YES_ERROR;
				GCC_WARN_UNDECLARED_SELECTOR = YES;
				GCC_WARN_UNINITIALIZED_AUTOS = YES_AGGRESSIVE;
				GCC_WARN_UNUSED_FUNCTION = YES;
				GCC_WARN_UNUSED_VARIABLE = YES;
				IPHONEOS_DEPLOYMENT_TARGET = 17.0;
				LOCALIZATION_PREFERS_STRING_CATALOGS = YES;
				MTL_ENABLE_DEBUG_INFO = NO;
				MTL_FAST_MATH = YES;
				SDKROOT = iphoneos;
				SWIFT_COMPILATION_MODE = wholemodule;
				VALIDATE_PRODUCT = YES;
			};
			name = Release;
		};
		E79710312AF878B400F75C16 /* Debug */ = {
			isa = XCBuildConfiguration;
			baseConfigurationReference = A01CFF9F819BB276DB5221E7 /* Pods-RxSwiftHelloWorld.debug.xcconfig */;
			buildSettings = {
				ASSETCATALOG_COMPILER_APPICON_NAME = AppIcon;
				ASSETCATALOG_COMPILER_GLOBAL_ACCENT_COLOR_NAME = AccentColor;
				CODE_SIGN_STYLE = Automatic;
				CURRENT_PROJECT_VERSION = 1;
				DEVELOPMENT_TEAM = FUV5KWMMAV;
				GENERATE_INFOPLIST_FILE = YES;
				INFOPLIST_FILE = RxSwiftHelloWorld/Info.plist;
				INFOPLIST_KEY_UIApplicationSupportsIndirectInputEvents = YES;
				INFOPLIST_KEY_UILaunchStoryboardName = LaunchScreen;
				INFOPLIST_KEY_UISupportedInterfaceOrientations_iPad = "UIInterfaceOrientationPortrait UIInterfaceOrientationPortraitUpsideDown UIInterfaceOrientationLandscapeLeft UIInterfaceOrientationLandscapeRight";
				INFOPLIST_KEY_UISupportedInterfaceOrientations_iPhone = "UIInterfaceOrientationPortrait UIInterfaceOrientationLandscapeLeft UIInterfaceOrientationLandscapeRight";
				IPHONEOS_DEPLOYMENT_TARGET = 12.0;
				LD_RUNPATH_SEARCH_PATHS = (
					"$(inherited)",
					"@executable_path/Frameworks",
				);
				MARKETING_VERSION = 1.0;
				PRODUCT_BUNDLE_IDENTIFIER = cn.com.mingyuefly.RxSwiftHelloWorld;
				PRODUCT_NAME = "$(TARGET_NAME)";
				SUPPORTED_PLATFORMS = "iphoneos iphonesimulator";
				SUPPORTS_MACCATALYST = NO;
				SUPPORTS_MAC_DESIGNED_FOR_IPHONE_IPAD = NO;
				SWIFT_EMIT_LOC_STRINGS = YES;
				SWIFT_VERSION = 5.0;
				TARGETED_DEVICE_FAMILY = 1;
			};
			name = Debug;
		};
		E79710322AF878B400F75C16 /* Release */ = {
			isa = XCBuildConfiguration;
			baseConfigurationReference = 7701FA70D4C5AAC65598DAEE /* Pods-RxSwiftHelloWorld.release.xcconfig */;
			buildSettings = {
				ASSETCATALOG_COMPILER_APPICON_NAME = AppIcon;
				ASSETCATALOG_COMPILER_GLOBAL_ACCENT_COLOR_NAME = AccentColor;
				CODE_SIGN_STYLE = Automatic;
				CURRENT_PROJECT_VERSION = 1;
				DEVELOPMENT_TEAM = FUV5KWMMAV;
				GENERATE_INFOPLIST_FILE = YES;
				INFOPLIST_FILE = RxSwiftHelloWorld/Info.plist;
				INFOPLIST_KEY_UIApplicationSupportsIndirectInputEvents = YES;
				INFOPLIST_KEY_UILaunchStoryboardName = LaunchScreen;
				INFOPLIST_KEY_UISupportedInterfaceOrientations_iPad = "UIInterfaceOrientationPortrait UIInterfaceOrientationPortraitUpsideDown UIInterfaceOrientationLandscapeLeft UIInterfaceOrientationLandscapeRight";
				INFOPLIST_KEY_UISupportedInterfaceOrientations_iPhone = "UIInterfaceOrientationPortrait UIInterfaceOrientationLandscapeLeft UIInterfaceOrientationLandscapeRight";
				IPHONEOS_DEPLOYMENT_TARGET = 12.0;
				LD_RUNPATH_SEARCH_PATHS = (
					"$(inherited)",
					"@executable_path/Frameworks",
				);
				MARKETING_VERSION = 1.0;
				PRODUCT_BUNDLE_IDENTIFIER = cn.com.mingyuefly.RxSwiftHelloWorld;
				PRODUCT_NAME = "$(TARGET_NAME)";
				SUPPORTED_PLATFORMS = "iphoneos iphonesimulator";
				SUPPORTS_MACCATALYST = NO;
				SUPPORTS_MAC_DESIGNED_FOR_IPHONE_IPAD = NO;
				SWIFT_EMIT_LOC_STRINGS = YES;
				SWIFT_VERSION = 5.0;
				TARGETED_DEVICE_FAMILY = 1;
			};
			name = Release;
		};
		E79710342AF878B400F75C16 /* Debug */ = {
			isa = XCBuildConfiguration;
			baseConfigurationReference = 08E362834520CAC32E700ABE /* Pods-RxSwiftHelloWorldTests.debug.xcconfig */;
			buildSettings = {
				ALWAYS_EMBED_SWIFT_STANDARD_LIBRARIES = YES;
				BUNDLE_LOADER = "$(TEST_HOST)";
				CODE_SIGN_STYLE = Automatic;
				CURRENT_PROJECT_VERSION = 1;
				DEVELOPMENT_TEAM = FUV5KWMMAV;
				GENERATE_INFOPLIST_FILE = YES;
				IPHONEOS_DEPLOYMENT_TARGET = 17.0;
				MARKETING_VERSION = 1.0;
				PRODUCT_BUNDLE_IDENTIFIER = cn.com.mingyuefly.RxSwiftHelloWorldTests;
				PRODUCT_NAME = "$(TARGET_NAME)";
				SWIFT_EMIT_LOC_STRINGS = NO;
				SWIFT_VERSION = 5.0;
				TARGETED_DEVICE_FAMILY = "1,2";
				TEST_HOST = "$(BUILT_PRODUCTS_DIR)/RxSwiftHelloWorld.app/$(BUNDLE_EXECUTABLE_FOLDER_PATH)/RxSwiftHelloWorld";
			};
			name = Debug;
		};
		E79710352AF878B400F75C16 /* Release */ = {
			isa = XCBuildConfiguration;
			baseConfigurationReference = 76F5F440CCAF9133C33DCBE2 /* Pods-RxSwiftHelloWorldTests.release.xcconfig */;
			buildSettings = {
				ALWAYS_EMBED_SWIFT_STANDARD_LIBRARIES = YES;
				BUNDLE_LOADER = "$(TEST_HOST)";
				CODE_SIGN_STYLE = Automatic;
				CURRENT_PROJECT_VERSION = 1;
				DEVELOPMENT_TEAM = FUV5KWMMAV;
				GENERATE_INFOPLIST_FILE = YES;
				IPHONEOS_DEPLOYMENT_TARGET = 17.0;
				MARKETING_VERSION = 1.0;
				PRODUCT_BUNDLE_IDENTIFIER = cn.com.mingyuefly.RxSwiftHelloWorldTests;
				PRODUCT_NAME = "$(TARGET_NAME)";
				SWIFT_EMIT_LOC_STRINGS = NO;
				SWIFT_VERSION = 5.0;
				TARGETED_DEVICE_FAMILY = "1,2";
				TEST_HOST = "$(BUILT_PRODUCTS_DIR)/RxSwiftHelloWorld.app/$(BUNDLE_EXECUTABLE_FOLDER_PATH)/RxSwiftHelloWorld";
			};
			name = Release;
		};
		E79710372AF878B400F75C16 /* Debug */ = {
			isa = XCBuildConfiguration;
			baseConfigurationReference = 11303B0525C43C2D4936C10B /* Pods-RxSwiftHelloWorld-RxSwiftHelloWorldUITests.debug.xcconfig */;
			buildSettings = {
				ALWAYS_EMBED_SWIFT_STANDARD_LIBRARIES = YES;
				CODE_SIGN_STYLE = Automatic;
				CURRENT_PROJECT_VERSION = 1;
				DEVELOPMENT_TEAM = FUV5KWMMAV;
				GENERATE_INFOPLIST_FILE = YES;
				MARKETING_VERSION = 1.0;
				PRODUCT_BUNDLE_IDENTIFIER = cn.com.mingyuefly.RxSwiftHelloWorldUITests;
				PRODUCT_NAME = "$(TARGET_NAME)";
				SWIFT_EMIT_LOC_STRINGS = NO;
				SWIFT_VERSION = 5.0;
				TARGETED_DEVICE_FAMILY = "1,2";
				TEST_TARGET_NAME = RxSwiftHelloWorld;
			};
			name = Debug;
		};
		E79710382AF878B400F75C16 /* Release */ = {
			isa = XCBuildConfiguration;
			baseConfigurationReference = 42CE4CF5AF6B7007CB757054 /* Pods-RxSwiftHelloWorld-RxSwiftHelloWorldUITests.release.xcconfig */;
			buildSettings = {
				ALWAYS_EMBED_SWIFT_STANDARD_LIBRARIES = YES;
				CODE_SIGN_STYLE = Automatic;
				CURRENT_PROJECT_VERSION = 1;
				DEVELOPMENT_TEAM = FUV5KWMMAV;
				GENERATE_INFOPLIST_FILE = YES;
				MARKETING_VERSION = 1.0;
				PRODUCT_BUNDLE_IDENTIFIER = cn.com.mingyuefly.RxSwiftHelloWorldUITests;
				PRODUCT_NAME = "$(TARGET_NAME)";
				SWIFT_EMIT_LOC_STRINGS = NO;
				SWIFT_VERSION = 5.0;
				TARGETED_DEVICE_FAMILY = "1,2";
				TEST_TARGET_NAME = RxSwiftHelloWorld;
			};
			name = Release;
		};
/* End XCBuildConfiguration section */

/* Begin XCConfigurationList section */
		E79710012AF878B300F75C16 /* Build configuration list for PBXProject "RxSwiftHelloWorld" */ = {
			isa = XCConfigurationList;
			buildConfigurations = (
				E797102E2AF878B400F75C16 /* Debug */,
				E797102F2AF878B400F75C16 /* Release */,
			);
			defaultConfigurationIsVisible = 0;
			defaultConfigurationName = Release;
		};
		E79710302AF878B400F75C16 /* Build configuration list for PBXNativeTarget "RxSwiftHelloWorld" */ = {
			isa = XCConfigurationList;
			buildConfigurations = (
				E79710312AF878B400F75C16 /* Debug */,
				E79710322AF878B400F75C16 /* Release */,
			);
			defaultConfigurationIsVisible = 0;
			defaultConfigurationName = Release;
		};
		E79710332AF878B400F75C16 /* Build configuration list for PBXNativeTarget "RxSwiftHelloWorldTests" */ = {
			isa = XCConfigurationList;
			buildConfigurations = (
				E79710342AF878B400F75C16 /* Debug */,
				E79710352AF878B400F75C16 /* Release */,
			);
			defaultConfigurationIsVisible = 0;
			defaultConfigurationName = Release;
		};
		E79710362AF878B400F75C16 /* Build configuration list for PBXNativeTarget "RxSwiftHelloWorldUITests" */ = {
			isa = XCConfigurationList;
			buildConfigurations = (
				E79710372AF878B400F75C16 /* Debug */,
				E79710382AF878B400F75C16 /* Release */,
			);
			defaultConfigurationIsVisible = 0;
			defaultConfigurationName = Release;
		};
/* End XCConfigurationList section */
	};
	rootObject = E7970FFE2AF878B300F75C16 /* Project object */;
}
